// !$*UTF8*$!
{
	archiveVersion = 1;
	classes = {
	};
	objectVersion = 77;
	objects = {

/* Begin PBXBuildFile section */
		00051DFF7C1BB7D1AA236587 /* Backend.swift in Sources */ = {isa = PBXBuildFile; fileRef = 90042F96026EA0A3B57630BD /* Backend.swift */; };
		001F845D0C0465E3A62539F4 /* AttachmentSource.swift in Sources */ = {isa = PBXBuildFile; fileRef = D2A3999E1F92415C975AE1E0 /* AttachmentSource.swift */; };
		01B4119F61910AFE61B9962F /* PersonaChatCoordinator.swift in Sources */ = {isa = PBXBuildFile; fileRef = 2B77A7C69FC9FFCFE586976C /* PersonaChatCoordinator.swift */; };
		0292CB3801E5485DA2742F03 /* Message.swift in Sources */ = {isa = PBXBuildFile; fileRef = 7D1E23E8605D62C98D9F8E92 /* Message.swift */; };
		04AF061B6F4A82E509B8BEC4 /* ObservingHook.swift in Sources */ = {isa = PBXBuildFile; fileRef = D65BA42497F76BBCFE63A8BF /* ObservingHook.swift */; };
		0AC9019D803CDA7596AC35EE /* ObservingHook.swift in Sources */ = {isa = PBXBuildFile; fileRef = D65BA42497F76BBCFE63A8BF /* ObservingHook.swift */; };
		0DFF1A2BEA38C67A87E221E4 /* PersonaChatCoordinator.swift in Sources */ = {isa = PBXBuildFile; fileRef = 2B77A7C69FC9FFCFE586976C /* PersonaChatCoordinator.swift */; };
		0E7D3462FB71E851668432DE /* InlineDocument.swift in Sources */ = {isa = PBXBuildFile; fileRef = DD6BE54519C987558A1046C5 /* InlineDocument.swift */; };
		0FC31A842F55581559BC527B /* ActiveDraft.swift in Sources */ = {isa = PBXBuildFile; fileRef = 867F12D9E92BEEAC5C104B8F /* ActiveDraft.swift */; };
		0FF90ACB1DB750C91003886D /* ReadReceipt.swift in Sources */ = {isa = PBXBuildFile; fileRef = 2ECEE63B8D032D86CA9E45A7 /* ReadReceipt.swift */; };
		10B0D77E367E3C43C2462A63 /* InlineDocument.swift in Sources */ = {isa = PBXBuildFile; fileRef = DD6BE54519C987558A1046C5 /* InlineDocument.swift */; };
		1138C331DA8AB914F51376E5 /* Orchestrator.swift in Sources */ = {isa = PBXBuildFile; fileRef = 75707EE1213832217898627D /* Orchestrator.swift */; };
		118AF6A586EE397DB83EA10F /* Permission.swift in Sources */ = {isa = PBXBuildFile; fileRef = A35B7A2E6F2C77BD471E0753 /* Permission.swift */; };
		12A0F27169F4A586F13B8E61 /* ReadReceipt.swift in Sources */ = {isa = PBXBuildFile; fileRef = 2ECEE63B8D032D86CA9E45A7 /* ReadReceipt.swift */; };
		154F0BEF15D0074AF514DD47 /* Tool.swift in Sources */ = {isa = PBXBuildFile; fileRef = D31C80B696A35C53C5E84B71 /* Tool.swift */; };
		1573DE9E2C23CC917BD573FF /* ChatViewModel.swift in Sources */ = {isa = PBXBuildFile; fileRef = 0F4D7F180977E0FB09A55650 /* ChatViewModel.swift */; };
		17478EF593D356281ACB5D18 /* InlineDocument.swift in Sources */ = {isa = PBXBuildFile; fileRef = DD6BE54519C987558A1046C5 /* InlineDocument.swift */; };
		18CC686BA128C5317AC00151 /* MessageDeliveryStatus.swift in Sources */ = {isa = PBXBuildFile; fileRef = 4584E17462FDB634B4624B0F /* MessageDeliveryStatus.swift */; };
		1BA998A4D398A5352AD91F8C /* GatingPoint.swift in Sources */ = {isa = PBXBuildFile; fileRef = 7E1B721109D7FF51E9219894 /* GatingPoint.swift */; };
		1CE1FEAD5B392B65D4E6B4EA /* Participant.swift in Sources */ = {isa = PBXBuildFile; fileRef = 7372AB005D9D8611D0139D13 /* Participant.swift */; };
		1D500D2C35439F06A6BDDB92 /* InteractiveWidget.swift in Sources */ = {isa = PBXBuildFile; fileRef = 958443F3DE998F78B153119B /* InteractiveWidget.swift */; };
		1D772B911D18647873169D67 /* PermissionPrompt.swift in Sources */ = {isa = PBXBuildFile; fileRef = 8A7D667DE419C0AF7EF69A65 /* PermissionPrompt.swift */; };
		1FC915B06275A48D7A505445 /* DisplayConfig.swift in Sources */ = {isa = PBXBuildFile; fileRef = 3CFA16BBF754017ED4007EDB /* DisplayConfig.swift */; };
		227C21D5618D715FEBF09959 /* Tool.swift in Sources */ = {isa = PBXBuildFile; fileRef = D31C80B696A35C53C5E84B71 /* Tool.swift */; };
		238348685D55CB91E78447C7 /* InteractiveWidget.swift in Sources */ = {isa = PBXBuildFile; fileRef = 958443F3DE998F78B153119B /* InteractiveWidget.swift */; };
		238CCEAD87D0D759AE7C9396 /* PermissionStore.swift in Sources */ = {isa = PBXBuildFile; fileRef = C7FF6586C60B20F50C79459F /* PermissionStore.swift */; };
		2630DFAC129E4D168BB5F8E2 /* GatingPoint.swift in Sources */ = {isa = PBXBuildFile; fileRef = 7E1B721109D7FF51E9219894 /* GatingPoint.swift */; };
		267BC2DAC0D2E23893EE7A26 /* Conversation.swift in Sources */ = {isa = PBXBuildFile; fileRef = 6D2BD2904642C1E5ED01CA92 /* Conversation.swift */; };
		26BC0B7F4A3FED7827440F6E /* ActiveDraft.swift in Sources */ = {isa = PBXBuildFile; fileRef = 867F12D9E92BEEAC5C104B8F /* ActiveDraft.swift */; };
		2701F892BFB624CC5F9552F2 /* PermissionPrompt.swift in Sources */ = {isa = PBXBuildFile; fileRef = 8A7D667DE419C0AF7EF69A65 /* PermissionPrompt.swift */; };
		2744C9FBA9457D99E96C6A45 /* Attachment.swift in Sources */ = {isa = PBXBuildFile; fileRef = 328E69FF27FE21CCA90AF924 /* Attachment.swift */; };
		28E721BDE7C56C719D5D3C0C /* InteractiveWidget.swift in Sources */ = {isa = PBXBuildFile; fileRef = 958443F3DE998F78B153119B /* InteractiveWidget.swift */; };
		291E05391EF19B04FDB42B70 /* ChatViewModel.swift in Sources */ = {isa = PBXBuildFile; fileRef = 0F4D7F180977E0FB09A55650 /* ChatViewModel.swift */; };
		29BB3CDB53A6AB60182CDC12 /* GatingHook.swift in Sources */ = {isa = PBXBuildFile; fileRef = A8EABA44CFDCB6E99BAAAD5E /* GatingHook.swift */; };
		29E387085996B781DCDAAC63 /* Command.swift in Sources */ = {isa = PBXBuildFile; fileRef = 1290751FF6377C47F6F6713C /* Command.swift */; };
		2A0860E381B4222724DB4919 /* PermissionStore.swift in Sources */ = {isa = PBXBuildFile; fileRef = C7FF6586C60B20F50C79459F /* PermissionStore.swift */; };
		2A6FB7AFF9D558B4E84D94A8 /* TestSupport.swift in Sources */ = {isa = PBXBuildFile; fileRef = 7CEC67A741BD73726FF4B84B /* TestSupport.swift */; };
		2B2DAB6D14C34F0FE6203FF2 /* ParticipantKind.swift in Sources */ = {isa = PBXBuildFile; fileRef = 1121BFAABC018A3919E2E110 /* ParticipantKind.swift */; };
		2E4BC4C869CD22D14BC659DF /* Command.swift in Sources */ = {isa = PBXBuildFile; fileRef = 1290751FF6377C47F6F6713C /* Command.swift */; };
		30FEF3455C66FA76B7CEABA3 /* Conversation.swift in Sources */ = {isa = PBXBuildFile; fileRef = 6D2BD2904642C1E5ED01CA92 /* Conversation.swift */; };
		326FA02F2281D30F690A17D6 /* SSEParser.swift in Sources */ = {isa = PBXBuildFile; fileRef = 8A1306E4836DF96A8FB25C71 /* SSEParser.swift */; };
		33D71CFF70DE63DC75BC7168 /* CommandInvoker.swift in Sources */ = {isa = PBXBuildFile; fileRef = B1035B44C225DC505F5C35C4 /* CommandInvoker.swift */; };
		33E42FE2C69C0CAB8BDF7E2D /* HookContext.swift in Sources */ = {isa = PBXBuildFile; fileRef = 2795559B4470C730AEC086AE /* HookContext.swift */; };
		360B493C44DFD34F312BE138 /* PersonaToolkit-macOS.framework in Frameworks */ = {isa = PBXBuildFile; fileRef = DB745189443BDAE3EF71178A /* PersonaToolkit-macOS.framework */; };
		36CDC20913A85F6C52B94344 /* ReadReceipt.swift in Sources */ = {isa = PBXBuildFile; fileRef = 2ECEE63B8D032D86CA9E45A7 /* ReadReceipt.swift */; };
		38037C6F3490177AE0729206 /* Participant.swift in Sources */ = {isa = PBXBuildFile; fileRef = 7372AB005D9D8611D0139D13 /* Participant.swift */; };
		3803D3B1A35B52675130F4BC /* Participant.swift in Sources */ = {isa = PBXBuildFile; fileRef = 7372AB005D9D8611D0139D13 /* Participant.swift */; };
		38C3A62718CCFB83865C28F6 /* ChatViewModel.swift in Sources */ = {isa = PBXBuildFile; fileRef = 0F4D7F180977E0FB09A55650 /* ChatViewModel.swift */; };
		38C45A5DF5979D0508F0A927 /* ObservingHook.swift in Sources */ = {isa = PBXBuildFile; fileRef = D65BA42497F76BBCFE63A8BF /* ObservingHook.swift */; };
		3B965BD7906FD37B39B9B2C9 /* AttachmentSource.swift in Sources */ = {isa = PBXBuildFile; fileRef = D2A3999E1F92415C975AE1E0 /* AttachmentSource.swift */; };
		3D6ACF0BB4FA31FDAFC5A088 /* CommandResult.swift in Sources */ = {isa = PBXBuildFile; fileRef = 04DEF49A331C636CB0608857 /* CommandResult.swift */; };
		3E276FC2160B6A2F51365822 /* ParticipantKind.swift in Sources */ = {isa = PBXBuildFile; fileRef = 1121BFAABC018A3919E2E110 /* ParticipantKind.swift */; };
		3EC9B923354D4FE3C4627522 /* HookDecision.swift in Sources */ = {isa = PBXBuildFile; fileRef = 0E0E11E5FD699439B15DC234 /* HookDecision.swift */; };
		3F5979DBFB2C6623CBE8C353 /* ChatStateObserver.swift in Sources */ = {isa = PBXBuildFile; fileRef = 265155732EA6EAF128AA798F /* ChatStateObserver.swift */; };
		40D29B5B2875934BD4BE8FB0 /* Message.swift in Sources */ = {isa = PBXBuildFile; fileRef = 7D1E23E8605D62C98D9F8E92 /* Message.swift */; };
		4110FBF93EB91D6125DC55E8 /* GatingHook.swift in Sources */ = {isa = PBXBuildFile; fileRef = A8EABA44CFDCB6E99BAAAD5E /* GatingHook.swift */; };
		41BEE4E66DD3C00135EF66E6 /* AttachmentPresentation.swift in Sources */ = {isa = PBXBuildFile; fileRef = EEDB81BBE7117ECA308E8621 /* AttachmentPresentation.swift */; };
		4314BCD552DF45B9C306195C /* Skill.swift in Sources */ = {isa = PBXBuildFile; fileRef = 4551248E1B2EB05DDA7194A3 /* Skill.swift */; };
		4622E2347E8BD18A52E1995B /* Backend.swift in Sources */ = {isa = PBXBuildFile; fileRef = 90042F96026EA0A3B57630BD /* Backend.swift */; };
		468E139E894160E1158B9639 /* AttachmentSource.swift in Sources */ = {isa = PBXBuildFile; fileRef = D2A3999E1F92415C975AE1E0 /* AttachmentSource.swift */; };
		46E668F0AC4131DEBEBF86EA /* HookDecision.swift in Sources */ = {isa = PBXBuildFile; fileRef = 0E0E11E5FD699439B15DC234 /* HookDecision.swift */; };
		48804EDA9C5DF9A6498CCB50 /* DisplayConfig.swift in Sources */ = {isa = PBXBuildFile; fileRef = 3CFA16BBF754017ED4007EDB /* DisplayConfig.swift */; };
		492A1692883A3B7E32B6D3D5 /* SSEParser.swift in Sources */ = {isa = PBXBuildFile; fileRef = 8A1306E4836DF96A8FB25C71 /* SSEParser.swift */; };
		49E03D3252CF9E1BF4D83BC4 /* ParticipantKind.swift in Sources */ = {isa = PBXBuildFile; fileRef = 1121BFAABC018A3919E2E110 /* ParticipantKind.swift */; };
		4A2FDDC224A8684020A4E1D7 /* WidgetResponse.swift in Sources */ = {isa = PBXBuildFile; fileRef = EED54EA1E94CB4E0744FD242 /* WidgetResponse.swift */; };
		4DD2ECB76C49153C845448A4 /* CommandInvoker.swift in Sources */ = {isa = PBXBuildFile; fileRef = B1035B44C225DC505F5C35C4 /* CommandInvoker.swift */; };
		4E8FF183A3C903FC75781CAD /* ChatUpdate.swift in Sources */ = {isa = PBXBuildFile; fileRef = A66E68F1D0F329E558B85427 /* ChatUpdate.swift */; };
		4FAEC38FBFCAFB3BCD39AD58 /* Conversation.swift in Sources */ = {isa = PBXBuildFile; fileRef = 6D2BD2904642C1E5ED01CA92 /* Conversation.swift */; };
		4FFD75BD41F26A5697C2650E /* PermissionDecision.swift in Sources */ = {isa = PBXBuildFile; fileRef = 81D3FFD7CCA43EA2DAD99A1F /* PermissionDecision.swift */; };
		517ABC99312C419889AA8A50 /* PersonaChatCoordinatorTests.swift in Sources */ = {isa = PBXBuildFile; fileRef = 41B89D18C52A6A0396E2E523 /* PersonaChatCoordinatorTests.swift */; };
		52E2F6A905470AB1952B529B /* ChatConfig.swift in Sources */ = {isa = PBXBuildFile; fileRef = 995225CBB7D780C9BFCADAC5 /* ChatConfig.swift */; };
		52FB4666A895EA3D22710CE0 /* GatingPoint.swift in Sources */ = {isa = PBXBuildFile; fileRef = 7E1B721109D7FF51E9219894 /* GatingPoint.swift */; };
		53AB05D14E3D3B169A613370 /* ChatViewModel.swift in Sources */ = {isa = PBXBuildFile; fileRef = 0F4D7F180977E0FB09A55650 /* ChatViewModel.swift */; };
		54F0061E822536C9E48F9599 /* ActiveDraft.swift in Sources */ = {isa = PBXBuildFile; fileRef = 867F12D9E92BEEAC5C104B8F /* ActiveDraft.swift */; };
		565D874A8A27FDB56BEF09CF /* Backend.swift in Sources */ = {isa = PBXBuildFile; fileRef = 90042F96026EA0A3B57630BD /* Backend.swift */; };
		57A17FE4C3F395CDC02AD05D /* HookContext.swift in Sources */ = {isa = PBXBuildFile; fileRef = 2795559B4470C730AEC086AE /* HookContext.swift */; };
		589AEB20B8844F3D5B9C3505 /* InboundEvent.swift in Sources */ = {isa = PBXBuildFile; fileRef = 6FB708D42FDF82A36E068603 /* InboundEvent.swift */; };
		58D1DA8E2C758E792E99C598 /* Skill.swift in Sources */ = {isa = PBXBuildFile; fileRef = 4551248E1B2EB05DDA7194A3 /* Skill.swift */; };
		59860BF9770D24CB5B49BDF2 /* PermissionStore.swift in Sources */ = {isa = PBXBuildFile; fileRef = C7FF6586C60B20F50C79459F /* PermissionStore.swift */; };
		5C63426A9DBC819967FAB01A /* GatingHook.swift in Sources */ = {isa = PBXBuildFile; fileRef = A8EABA44CFDCB6E99BAAAD5E /* GatingHook.swift */; };
		5D443EE0E03FED4131017701 /* GatingHook.swift in Sources */ = {isa = PBXBuildFile; fileRef = A8EABA44CFDCB6E99BAAAD5E /* GatingHook.swift */; };
		5E4F4FE207AFD9A17809165C /* Tool.swift in Sources */ = {isa = PBXBuildFile; fileRef = D31C80B696A35C53C5E84B71 /* Tool.swift */; };
		5E7BC539CB88E98333F84C55 /* InlineDocument.swift in Sources */ = {isa = PBXBuildFile; fileRef = DD6BE54519C987558A1046C5 /* InlineDocument.swift */; };
		5F55F347550819E0745C46D8 /* MediaType.swift in Sources */ = {isa = PBXBuildFile; fileRef = 1D80C17F67ED332CA45F9AAF /* MediaType.swift */; };
		6026A7687EFBEA9EAF48730A /* MessageDeliveryStatus.swift in Sources */ = {isa = PBXBuildFile; fileRef = 4584E17462FDB634B4624B0F /* MessageDeliveryStatus.swift */; };
		611541076F46E7F0891D5AA0 /* InteractiveWidget.swift in Sources */ = {isa = PBXBuildFile; fileRef = 958443F3DE998F78B153119B /* InteractiveWidget.swift */; };
		62725EE510AE0865573C9804 /* PersonaChatCoordinator.swift in Sources */ = {isa = PBXBuildFile; fileRef = 2B77A7C69FC9FFCFE586976C /* PersonaChatCoordinator.swift */; };
		629FD7E04935629B5A041BC7 /* GatingHook.swift in Sources */ = {isa = PBXBuildFile; fileRef = A8EABA44CFDCB6E99BAAAD5E /* GatingHook.swift */; };
		6339B841D5E774F9457617D8 /* PersonaChatCoordinator.swift in Sources */ = {isa = PBXBuildFile; fileRef = 2B77A7C69FC9FFCFE586976C /* PersonaChatCoordinator.swift */; };
		645B3BE1A4AAF2AEBCA960F1 /* InboundEvent.swift in Sources */ = {isa = PBXBuildFile; fileRef = 6FB708D42FDF82A36E068603 /* InboundEvent.swift */; };
		67C8C19FA9288CD6EAB688FA /* CommandResult.swift in Sources */ = {isa = PBXBuildFile; fileRef = 04DEF49A331C636CB0608857 /* CommandResult.swift */; };
		680C791656D9C92C27C77BD7 /* InlineDocument.swift in Sources */ = {isa = PBXBuildFile; fileRef = DD6BE54519C987558A1046C5 /* InlineDocument.swift */; };
		69385E743B641FCBF33EE549 /* ChatStateObserver.swift in Sources */ = {isa = PBXBuildFile; fileRef = 265155732EA6EAF128AA798F /* ChatStateObserver.swift */; };
		696764752E8580D66964D27F /* ParticipantConversationState.swift in Sources */ = {isa = PBXBuildFile; fileRef = F7721CBED8B72DDCACBD3F58 /* ParticipantConversationState.swift */; };
		6C5F23615A0909B2E1AB9CBC /* ObservingPoint.swift in Sources */ = {isa = PBXBuildFile; fileRef = EF9F469C27C8EC353BC91C96 /* ObservingPoint.swift */; };
		6D144AD8E8532AB10C7EA3F7 /* Orchestrator.swift in Sources */ = {isa = PBXBuildFile; fileRef = 75707EE1213832217898627D /* Orchestrator.swift */; };
		6F7373464284352028ED9EBC /* PersonaToolkit-macOS.framework in Embed Frameworks */ = {isa = PBXBuildFile; fileRef = DB745189443BDAE3EF71178A /* PersonaToolkit-macOS.framework */; settings = {ATTRIBUTES = (CodeSignOnCopy, RemoveHeadersOnCopy, ); }; };
		704DBBB2ACA8D78579804F23 /* CommandResult.swift in Sources */ = {isa = PBXBuildFile; fileRef = 04DEF49A331C636CB0608857 /* CommandResult.swift */; };
		7156F09EAC9724C94261315C /* CommandInvocation.swift in Sources */ = {isa = PBXBuildFile; fileRef = F0F80B06F809E005407631B5 /* CommandInvocation.swift */; };
		71D3E7D7131D4DEEEBB18E8F /* AttachmentSource.swift in Sources */ = {isa = PBXBuildFile; fileRef = D2A3999E1F92415C975AE1E0 /* AttachmentSource.swift */; };
		71E5C64AED54233D848CBA78 /* HookContext.swift in Sources */ = {isa = PBXBuildFile; fileRef = 2795559B4470C730AEC086AE /* HookContext.swift */; };
		72DD035C0472FA6A6E1AE02C /* ChatConfig.swift in Sources */ = {isa = PBXBuildFile; fileRef = 995225CBB7D780C9BFCADAC5 /* ChatConfig.swift */; };
		735D67AB65B48B594D510119 /* ActiveDraft.swift in Sources */ = {isa = PBXBuildFile; fileRef = 867F12D9E92BEEAC5C104B8F /* ActiveDraft.swift */; };
		771A84884961ED3DF9A9A34D /* ReadReceipt.swift in Sources */ = {isa = PBXBuildFile; fileRef = 2ECEE63B8D032D86CA9E45A7 /* ReadReceipt.swift */; };
		78AB02D27755F5381110F668 /* ObservingHook.swift in Sources */ = {isa = PBXBuildFile; fileRef = D65BA42497F76BBCFE63A8BF /* ObservingHook.swift */; };
		79C104AAE3E1267E63B346A7 /* ChatStateObserver.swift in Sources */ = {isa = PBXBuildFile; fileRef = 265155732EA6EAF128AA798F /* ChatStateObserver.swift */; };
		7CE5094A2BC2D5410924D2E9 /* ObservingPoint.swift in Sources */ = {isa = PBXBuildFile; fileRef = EF9F469C27C8EC353BC91C96 /* ObservingPoint.swift */; };
		7E759D7A77908B4E14E2AA1C /* PersonaChatCoordinator.swift in Sources */ = {isa = PBXBuildFile; fileRef = 2B77A7C69FC9FFCFE586976C /* PersonaChatCoordinator.swift */; };
		7F6B50A2E5EB226743F3868C /* ParticipantConversationState.swift in Sources */ = {isa = PBXBuildFile; fileRef = F7721CBED8B72DDCACBD3F58 /* ParticipantConversationState.swift */; };
		7F84C2AC310728AC39B0D548 /* AttachmentPresentation.swift in Sources */ = {isa = PBXBuildFile; fileRef = EEDB81BBE7117ECA308E8621 /* AttachmentPresentation.swift */; };
		806570859154E86D14BE7657 /* WidgetResponse.swift in Sources */ = {isa = PBXBuildFile; fileRef = EED54EA1E94CB4E0744FD242 /* WidgetResponse.swift */; };
		8094F56D107364500EEC93D1 /* AttachmentSource.swift in Sources */ = {isa = PBXBuildFile; fileRef = D2A3999E1F92415C975AE1E0 /* AttachmentSource.swift */; };
		81A679AB5D5C9F27832F3CA0 /* InboundEvent.swift in Sources */ = {isa = PBXBuildFile; fileRef = 6FB708D42FDF82A36E068603 /* InboundEvent.swift */; };
		81BA8C84BF429E0D970899D4 /* MessageDeliveryStatus.swift in Sources */ = {isa = PBXBuildFile; fileRef = 4584E17462FDB634B4624B0F /* MessageDeliveryStatus.swift */; };
		81D4FB3D75FEC561C8C27C21 /* ActiveDraft.swift in Sources */ = {isa = PBXBuildFile; fileRef = 867F12D9E92BEEAC5C104B8F /* ActiveDraft.swift */; };
		825B9F6C2AF8C0D37EFA3C13 /* ParticipantKind.swift in Sources */ = {isa = PBXBuildFile; fileRef = 1121BFAABC018A3919E2E110 /* ParticipantKind.swift */; };
		82F54B13F205CF9C910AF02B /* MessageDeliveryStatus.swift in Sources */ = {isa = PBXBuildFile; fileRef = 4584E17462FDB634B4624B0F /* MessageDeliveryStatus.swift */; };
		85D7696A4BC23DAF2E64BEBD /* ParticipantConversationState.swift in Sources */ = {isa = PBXBuildFile; fileRef = F7721CBED8B72DDCACBD3F58 /* ParticipantConversationState.swift */; };
		87082AB5CF3D0E8DAB2C029E /* CommandInvoker.swift in Sources */ = {isa = PBXBuildFile; fileRef = B1035B44C225DC505F5C35C4 /* CommandInvoker.swift */; };
		87B933677FBFA0897105B8B9 /* ChatViewModel.swift in Sources */ = {isa = PBXBuildFile; fileRef = 0F4D7F180977E0FB09A55650 /* ChatViewModel.swift */; };
		87D276DDC63281C904136E7C /* PermissionDecision.swift in Sources */ = {isa = PBXBuildFile; fileRef = 81D3FFD7CCA43EA2DAD99A1F /* PermissionDecision.swift */; };
		8C55EEF659F724CEF2528D0A /* HookContext.swift in Sources */ = {isa = PBXBuildFile; fileRef = 2795559B4470C730AEC086AE /* HookContext.swift */; };
		8D0E382ECCC14557B7A272D3 /* WidgetResponse.swift in Sources */ = {isa = PBXBuildFile; fileRef = EED54EA1E94CB4E0744FD242 /* WidgetResponse.swift */; };
		8D24E9FE14E64D11C3E40652 /* Skill.swift in Sources */ = {isa = PBXBuildFile; fileRef = 4551248E1B2EB05DDA7194A3 /* Skill.swift */; };
		8D591CDA92F951C03425954E /* CommandResult.swift in Sources */ = {isa = PBXBuildFile; fileRef = 04DEF49A331C636CB0608857 /* CommandResult.swift */; };
		8D9176294C7865E34075A8B9 /* Message.swift in Sources */ = {isa = PBXBuildFile; fileRef = 7D1E23E8605D62C98D9F8E92 /* Message.swift */; };
		8FEB07730AC45F0C20ECDE0F /* Skill.swift in Sources */ = {isa = PBXBuildFile; fileRef = 4551248E1B2EB05DDA7194A3 /* Skill.swift */; };
		9083A61C40C9FE97A2E98B97 /* PermissionDecision.swift in Sources */ = {isa = PBXBuildFile; fileRef = 81D3FFD7CCA43EA2DAD99A1F /* PermissionDecision.swift */; };
		913488F5E6BE76C8C43E3FBF /* HookDecision.swift in Sources */ = {isa = PBXBuildFile; fileRef = 0E0E11E5FD699439B15DC234 /* HookDecision.swift */; };
		935214A86E53F70E457AE72C /* ObservingPoint.swift in Sources */ = {isa = PBXBuildFile; fileRef = EF9F469C27C8EC353BC91C96 /* ObservingPoint.swift */; };
		93718E0E1E8B1492961009BB /* AttachmentPresentation.swift in Sources */ = {isa = PBXBuildFile; fileRef = EEDB81BBE7117ECA308E8621 /* AttachmentPresentation.swift */; };
		9496AB8EA6FED3567281A80C /* MessageDeliveryStatus.swift in Sources */ = {isa = PBXBuildFile; fileRef = 4584E17462FDB634B4624B0F /* MessageDeliveryStatus.swift */; };
		9645B47DCC4902BCAE3AB4C6 /* DisplayConfig.swift in Sources */ = {isa = PBXBuildFile; fileRef = 3CFA16BBF754017ED4007EDB /* DisplayConfig.swift */; };
		9658DDBCCEDED84AC491A82E /* Backend.swift in Sources */ = {isa = PBXBuildFile; fileRef = 90042F96026EA0A3B57630BD /* Backend.swift */; };
		9686D0F69189BAB4C13DBC69 /* ObservingHook.swift in Sources */ = {isa = PBXBuildFile; fileRef = D65BA42497F76BBCFE63A8BF /* ObservingHook.swift */; };
		96CFCC58A4A942F15F58196D /* SSEParser.swift in Sources */ = {isa = PBXBuildFile; fileRef = 8A1306E4836DF96A8FB25C71 /* SSEParser.swift */; };
		97B83B82960EECFA8923CA2D /* InboundEvent.swift in Sources */ = {isa = PBXBuildFile; fileRef = 6FB708D42FDF82A36E068603 /* InboundEvent.swift */; };
		9895EED19A2DFF3250362D88 /* HookContext.swift in Sources */ = {isa = PBXBuildFile; fileRef = 2795559B4470C730AEC086AE /* HookContext.swift */; };
		9A856D300A84370A8E5E95D4 /* Tool.swift in Sources */ = {isa = PBXBuildFile; fileRef = D31C80B696A35C53C5E84B71 /* Tool.swift */; };
		9E3B6608E8DAF834E2C83485 /* ChatConfig.swift in Sources */ = {isa = PBXBuildFile; fileRef = 995225CBB7D780C9BFCADAC5 /* ChatConfig.swift */; };
		A0B4C4FA35D9F2FAE4A2907F /* InteractiveWidget.swift in Sources */ = {isa = PBXBuildFile; fileRef = 958443F3DE998F78B153119B /* InteractiveWidget.swift */; };
		A33859997D72B0E3B7E087D4 /* Conversation.swift in Sources */ = {isa = PBXBuildFile; fileRef = 6D2BD2904642C1E5ED01CA92 /* Conversation.swift */; };
		A4128C25A4753C59F0F0A7F9 /* PermissionPrompt.swift in Sources */ = {isa = PBXBuildFile; fileRef = 8A7D667DE419C0AF7EF69A65 /* PermissionPrompt.swift */; };
		A5685DC2BFF0C0F51D0D43A0 /* Permission.swift in Sources */ = {isa = PBXBuildFile; fileRef = A35B7A2E6F2C77BD471E0753 /* Permission.swift */; };
		A5A9BC27A55E1BDC724B5D99 /* ChatStateObserver.swift in Sources */ = {isa = PBXBuildFile; fileRef = 265155732EA6EAF128AA798F /* ChatStateObserver.swift */; };
		AF2B9DAE03210FF5722F03E8 /* Command.swift in Sources */ = {isa = PBXBuildFile; fileRef = 1290751FF6377C47F6F6713C /* Command.swift */; };
		B0B66280CABE63DCC0EE98EA /* CommandInvoker.swift in Sources */ = {isa = PBXBuildFile; fileRef = B1035B44C225DC505F5C35C4 /* CommandInvoker.swift */; };
		B0CCEBE81D2611A74014784F /* Permission.swift in Sources */ = {isa = PBXBuildFile; fileRef = A35B7A2E6F2C77BD471E0753 /* Permission.swift */; };
		B203472922E8C51D08F7C242 /* InboundEvent.swift in Sources */ = {isa = PBXBuildFile; fileRef = 6FB708D42FDF82A36E068603 /* InboundEvent.swift */; };
		B21A6E9119A1FD92AB8E9D51 /* AttachmentPresentation.swift in Sources */ = {isa = PBXBuildFile; fileRef = EEDB81BBE7117ECA308E8621 /* AttachmentPresentation.swift */; };
		B23DD5FEC963D899C78E2B63 /* PermissionDecision.swift in Sources */ = {isa = PBXBuildFile; fileRef = 81D3FFD7CCA43EA2DAD99A1F /* PermissionDecision.swift */; };
		B298F50DC5CF478344D848D3 /* Orchestrator.swift in Sources */ = {isa = PBXBuildFile; fileRef = 75707EE1213832217898627D /* Orchestrator.swift */; };
		B2DC52865517E74C15F193B4 /* CommandInvoker.swift in Sources */ = {isa = PBXBuildFile; fileRef = B1035B44C225DC505F5C35C4 /* CommandInvoker.swift */; };
		B369D4E692EEE0593F5D08A7 /* Skill.swift in Sources */ = {isa = PBXBuildFile; fileRef = 4551248E1B2EB05DDA7194A3 /* Skill.swift */; };
		B5260856F690AC6F73F77AA4 /* Message.swift in Sources */ = {isa = PBXBuildFile; fileRef = 7D1E23E8605D62C98D9F8E92 /* Message.swift */; };
		B5C1F546D7161A306FA21467 /* Tool.swift in Sources */ = {isa = PBXBuildFile; fileRef = D31C80B696A35C53C5E84B71 /* Tool.swift */; };
		B9A53A0068BB5C1F01A5AEBF /* Attachment.swift in Sources */ = {isa = PBXBuildFile; fileRef = 328E69FF27FE21CCA90AF924 /* Attachment.swift */; };
		BA9DA48D368527C67BF5CA18 /* DisplayConfig.swift in Sources */ = {isa = PBXBuildFile; fileRef = 3CFA16BBF754017ED4007EDB /* DisplayConfig.swift */; };
		BB1934FC72C6A2615A30094C /* CommandResult.swift in Sources */ = {isa = PBXBuildFile; fileRef = 04DEF49A331C636CB0608857 /* CommandResult.swift */; };
		BD3C965EBBC3659B1DD79564 /* CommandInvocation.swift in Sources */ = {isa = PBXBuildFile; fileRef = F0F80B06F809E005407631B5 /* CommandInvocation.swift */; };
		BDED4D033ECF0D2E231FD265 /* Backend.swift in Sources */ = {isa = PBXBuildFile; fileRef = 90042F96026EA0A3B57630BD /* Backend.swift */; };
		BE79884734141401EEAE220A /* PermissionPrompt.swift in Sources */ = {isa = PBXBuildFile; fileRef = 8A7D667DE419C0AF7EF69A65 /* PermissionPrompt.swift */; };
		BEB7C269E6D78010E2894BF9 /* CommandInvocation.swift in Sources */ = {isa = PBXBuildFile; fileRef = F0F80B06F809E005407631B5 /* CommandInvocation.swift */; };
		C500ED0357D8B7E0DAAB51A2 /* Orchestrator.swift in Sources */ = {isa = PBXBuildFile; fileRef = 75707EE1213832217898627D /* Orchestrator.swift */; };
		C715A4701ABBFD439EAD63C5 /* GatingPoint.swift in Sources */ = {isa = PBXBuildFile; fileRef = 7E1B721109D7FF51E9219894 /* GatingPoint.swift */; };
		C7C3D66F78A0FD33D27B296D /* WidgetResponse.swift in Sources */ = {isa = PBXBuildFile; fileRef = EED54EA1E94CB4E0744FD242 /* WidgetResponse.swift */; };
		C83043061D4A2BD5BC94AD20 /* CommandInvocation.swift in Sources */ = {isa = PBXBuildFile; fileRef = F0F80B06F809E005407631B5 /* CommandInvocation.swift */; };
		C889638254FEDEECFD7745E7 /* Orchestrator.swift in Sources */ = {isa = PBXBuildFile; fileRef = 75707EE1213832217898627D /* Orchestrator.swift */; };
		C8F2AACE24F77EA163A4BB40 /* ChatUpdate.swift in Sources */ = {isa = PBXBuildFile; fileRef = A66E68F1D0F329E558B85427 /* ChatUpdate.swift */; };
		C9AED84C9E9339CC8647BB9A /* WidgetResponse.swift in Sources */ = {isa = PBXBuildFile; fileRef = EED54EA1E94CB4E0744FD242 /* WidgetResponse.swift */; };
		CA781CF87F12A7E908C92A42 /* ChatUpdate.swift in Sources */ = {isa = PBXBuildFile; fileRef = A66E68F1D0F329E558B85427 /* ChatUpdate.swift */; };
		CA822CD394AB835B5757C84D /* ParticipantKind.swift in Sources */ = {isa = PBXBuildFile; fileRef = 1121BFAABC018A3919E2E110 /* ParticipantKind.swift */; };
		CB815DCD8A713688DE7A8592 /* ChatConfig.swift in Sources */ = {isa = PBXBuildFile; fileRef = 995225CBB7D780C9BFCADAC5 /* ChatConfig.swift */; };
		CDC277A49E6EACE4E13FD17C /* DisplayConfig.swift in Sources */ = {isa = PBXBuildFile; fileRef = 3CFA16BBF754017ED4007EDB /* DisplayConfig.swift */; };
		CE2BF028D757A6997D2E79F1 /* AttachmentPresentation.swift in Sources */ = {isa = PBXBuildFile; fileRef = EEDB81BBE7117ECA308E8621 /* AttachmentPresentation.swift */; };
		D0C7BD62D45E64B0609F2A68 /* Conversation.swift in Sources */ = {isa = PBXBuildFile; fileRef = 6D2BD2904642C1E5ED01CA92 /* Conversation.swift */; };
		D1A81B9908C98F93761444D8 /* GatingPoint.swift in Sources */ = {isa = PBXBuildFile; fileRef = 7E1B721109D7FF51E9219894 /* GatingPoint.swift */; };
		D278F856C43D2A8123B4A1EA /* MediaType.swift in Sources */ = {isa = PBXBuildFile; fileRef = 1D80C17F67ED332CA45F9AAF /* MediaType.swift */; };
		D2F8955D724A0EB7BE2D2E8C /* MediaType.swift in Sources */ = {isa = PBXBuildFile; fileRef = 1D80C17F67ED332CA45F9AAF /* MediaType.swift */; };
		D60708FE10BF160F76AFC895 /* Permission.swift in Sources */ = {isa = PBXBuildFile; fileRef = A35B7A2E6F2C77BD471E0753 /* Permission.swift */; };
		D7443873118F3AB1CF7913EB /* HookDecision.swift in Sources */ = {isa = PBXBuildFile; fileRef = 0E0E11E5FD699439B15DC234 /* HookDecision.swift */; };
		DAE496849465FE7EA47A4219 /* Permission.swift in Sources */ = {isa = PBXBuildFile; fileRef = A35B7A2E6F2C77BD471E0753 /* Permission.swift */; };
		DCBE4500208C7B24B37E2343 /* MediaType.swift in Sources */ = {isa = PBXBuildFile; fileRef = 1D80C17F67ED332CA45F9AAF /* MediaType.swift */; };
		DCEF46AB9E2C89BEEB44A305 /* ChatUpdate.swift in Sources */ = {isa = PBXBuildFile; fileRef = A66E68F1D0F329E558B85427 /* ChatUpdate.swift */; };
		DDF33BCCAC240AA5699EC698 /* SSEParser.swift in Sources */ = {isa = PBXBuildFile; fileRef = 8A1306E4836DF96A8FB25C71 /* SSEParser.swift */; };
		DF9D04AD2CF6899B956E92E2 /* Message.swift in Sources */ = {isa = PBXBuildFile; fileRef = 7D1E23E8605D62C98D9F8E92 /* Message.swift */; };
		E1506E81488C7D69FF3ED4DE /* Attachment.swift in Sources */ = {isa = PBXBuildFile; fileRef = 328E69FF27FE21CCA90AF924 /* Attachment.swift */; };
		E1D4A2DDC8DFC7A154CFC4E5 /* Participant.swift in Sources */ = {isa = PBXBuildFile; fileRef = 7372AB005D9D8611D0139D13 /* Participant.swift */; };
		E2F2BF6A78E560C123097589 /* PermissionStore.swift in Sources */ = {isa = PBXBuildFile; fileRef = C7FF6586C60B20F50C79459F /* PermissionStore.swift */; };
		E5D868EB5D790B225B7295B9 /* Attachment.swift in Sources */ = {isa = PBXBuildFile; fileRef = 328E69FF27FE21CCA90AF924 /* Attachment.swift */; };
		E809AB145DEC1AFB32A07951 /* ParticipantConversationState.swift in Sources */ = {isa = PBXBuildFile; fileRef = F7721CBED8B72DDCACBD3F58 /* ParticipantConversationState.swift */; };
		EA31BACACFA10BA386A75197 /* ChatConfig.swift in Sources */ = {isa = PBXBuildFile; fileRef = 995225CBB7D780C9BFCADAC5 /* ChatConfig.swift */; };
		EB97373BCFBF6A13B1FAF517 /* ChatUpdate.swift in Sources */ = {isa = PBXBuildFile; fileRef = A66E68F1D0F329E558B85427 /* ChatUpdate.swift */; };
		EB9F4B10078B4354F10481E0 /* ParticipantConversationState.swift in Sources */ = {isa = PBXBuildFile; fileRef = F7721CBED8B72DDCACBD3F58 /* ParticipantConversationState.swift */; };
		ED8527899B922EEEF7082DC8 /* Participant.swift in Sources */ = {isa = PBXBuildFile; fileRef = 7372AB005D9D8611D0139D13 /* Participant.swift */; };
		EEA05281914E7D6857977369 /* Command.swift in Sources */ = {isa = PBXBuildFile; fileRef = 1290751FF6377C47F6F6713C /* Command.swift */; };
		EF20D3F00D4269AA378673BE /* ObservingPoint.swift in Sources */ = {isa = PBXBuildFile; fileRef = EF9F469C27C8EC353BC91C96 /* ObservingPoint.swift */; };
		F33314DEAD073EB3483F94A1 /* PermissionStore.swift in Sources */ = {isa = PBXBuildFile; fileRef = C7FF6586C60B20F50C79459F /* PermissionStore.swift */; };
		F3DEB616C16587F463F369C3 /* CommandInvocation.swift in Sources */ = {isa = PBXBuildFile; fileRef = F0F80B06F809E005407631B5 /* CommandInvocation.swift */; };
		F41174AA594F8B39744E3EA2 /* Command.swift in Sources */ = {isa = PBXBuildFile; fileRef = 1290751FF6377C47F6F6713C /* Command.swift */; };
		F4AC0F825F894C82291E28F4 /* PermissionDecision.swift in Sources */ = {isa = PBXBuildFile; fileRef = 81D3FFD7CCA43EA2DAD99A1F /* PermissionDecision.swift */; };
		F4D88F826A5599D225B00FC4 /* MediaType.swift in Sources */ = {isa = PBXBuildFile; fileRef = 1D80C17F67ED332CA45F9AAF /* MediaType.swift */; };
		F50FDCDA51939385C967FC41 /* Attachment.swift in Sources */ = {isa = PBXBuildFile; fileRef = 328E69FF27FE21CCA90AF924 /* Attachment.swift */; };
		F5BA8EECAE508663A88A8D60 /* ReadReceipt.swift in Sources */ = {isa = PBXBuildFile; fileRef = 2ECEE63B8D032D86CA9E45A7 /* ReadReceipt.swift */; };
		F8BE1570A9D34F6B85056E05 /* ObservingPoint.swift in Sources */ = {isa = PBXBuildFile; fileRef = EF9F469C27C8EC353BC91C96 /* ObservingPoint.swift */; };
		F96E99949B684BF6A2F879E1 /* HookDecision.swift in Sources */ = {isa = PBXBuildFile; fileRef = 0E0E11E5FD699439B15DC234 /* HookDecision.swift */; };
		F975427F31A89B7CD3503298 /* PermissionPrompt.swift in Sources */ = {isa = PBXBuildFile; fileRef = 8A7D667DE419C0AF7EF69A65 /* PermissionPrompt.swift */; };
		FA781423900A13B03077DB46 /* SSEParser.swift in Sources */ = {isa = PBXBuildFile; fileRef = 8A1306E4836DF96A8FB25C71 /* SSEParser.swift */; };
		FD780D91872B2F4D417AC1E0 /* ChatStateObserver.swift in Sources */ = {isa = PBXBuildFile; fileRef = 265155732EA6EAF128AA798F /* ChatStateObserver.swift */; };
/* End PBXBuildFile section */

/* Begin PBXContainerItemProxy section */
		4B40AA5515F288E9240B1F0E /* PBXContainerItemProxy */ = {
			isa = PBXContainerItemProxy;
			containerPortal = 603BECE51C44C5726A39CC88 /* Project object */;
			proxyType = 1;
			remoteGlobalIDString = 08FF15C05FC615D83054E547;
			remoteInfo = "PersonaToolkit-macOS";
		};
/* End PBXContainerItemProxy section */

/* Begin PBXCopyFilesBuildPhase section */
		AE6D1543EDA5F18DB43D4065 /* Embed Frameworks */ = {
			isa = PBXCopyFilesBuildPhase;
			buildActionMask = 2147483647;
			dstPath = "";
			dstSubfolderSpec = 10;
			files = (
				6F7373464284352028ED9EBC /* PersonaToolkit-macOS.framework in Embed Frameworks */,
			);
			name = "Embed Frameworks";
			runOnlyForDeploymentPostprocessing = 0;
		};
/* End PBXCopyFilesBuildPhase section */

/* Begin PBXFileReference section */
		04DEF49A331C636CB0608857 /* CommandResult.swift */ = {isa = PBXFileReference; lastKnownFileType = sourcecode.swift; path = CommandResult.swift; sourceTree = "<group>"; };
		0E0E11E5FD699439B15DC234 /* HookDecision.swift */ = {isa = PBXFileReference; lastKnownFileType = sourcecode.swift; path = HookDecision.swift; sourceTree = "<group>"; };
		0F4D7F180977E0FB09A55650 /* ChatViewModel.swift */ = {isa = PBXFileReference; lastKnownFileType = sourcecode.swift; path = ChatViewModel.swift; sourceTree = "<group>"; };
		1121BFAABC018A3919E2E110 /* ParticipantKind.swift */ = {isa = PBXFileReference; lastKnownFileType = sourcecode.swift; path = ParticipantKind.swift; sourceTree = "<group>"; };
		1290751FF6377C47F6F6713C /* Command.swift */ = {isa = PBXFileReference; lastKnownFileType = sourcecode.swift; path = Command.swift; sourceTree = "<group>"; };
		1A2C8202D682E3CAFB46F25A /* PersonaToolkitTests-macOS.xctest */ = {isa = PBXFileReference; explicitFileType = wrapper.cfbundle; includeInIndex = 0; path = "PersonaToolkitTests-macOS.xctest"; sourceTree = BUILT_PRODUCTS_DIR; };
		1D80C17F67ED332CA45F9AAF /* MediaType.swift */ = {isa = PBXFileReference; lastKnownFileType = sourcecode.swift; path = MediaType.swift; sourceTree = "<group>"; };
		265155732EA6EAF128AA798F /* ChatStateObserver.swift */ = {isa = PBXFileReference; lastKnownFileType = sourcecode.swift; path = ChatStateObserver.swift; sourceTree = "<group>"; };
		2795559B4470C730AEC086AE /* HookContext.swift */ = {isa = PBXFileReference; lastKnownFileType = sourcecode.swift; path = HookContext.swift; sourceTree = "<group>"; };
		2B77A7C69FC9FFCFE586976C /* PersonaChatCoordinator.swift */ = {isa = PBXFileReference; lastKnownFileType = sourcecode.swift; path = PersonaChatCoordinator.swift; sourceTree = "<group>"; };
		2ECEE63B8D032D86CA9E45A7 /* ReadReceipt.swift */ = {isa = PBXFileReference; lastKnownFileType = sourcecode.swift; path = ReadReceipt.swift; sourceTree = "<group>"; };
		328E69FF27FE21CCA90AF924 /* Attachment.swift */ = {isa = PBXFileReference; lastKnownFileType = sourcecode.swift; path = Attachment.swift; sourceTree = "<group>"; };
		3CFA16BBF754017ED4007EDB /* DisplayConfig.swift */ = {isa = PBXFileReference; lastKnownFileType = sourcecode.swift; path = DisplayConfig.swift; sourceTree = "<group>"; };
		41B89D18C52A6A0396E2E523 /* PersonaChatCoordinatorTests.swift */ = {isa = PBXFileReference; lastKnownFileType = sourcecode.swift; path = PersonaChatCoordinatorTests.swift; sourceTree = "<group>"; };
		4551248E1B2EB05DDA7194A3 /* Skill.swift */ = {isa = PBXFileReference; lastKnownFileType = sourcecode.swift; path = Skill.swift; sourceTree = "<group>"; };
		4584E17462FDB634B4624B0F /* MessageDeliveryStatus.swift */ = {isa = PBXFileReference; lastKnownFileType = sourcecode.swift; path = MessageDeliveryStatus.swift; sourceTree = "<group>"; };
		6A31526DB0250AE7ADC39A67 /* PersonaToolkit-iOS.framework */ = {isa = PBXFileReference; explicitFileType = wrapper.framework; includeInIndex = 0; path = "PersonaToolkit-iOS.framework"; sourceTree = BUILT_PRODUCTS_DIR; };
		6D2BD2904642C1E5ED01CA92 /* Conversation.swift */ = {isa = PBXFileReference; lastKnownFileType = sourcecode.swift; path = Conversation.swift; sourceTree = "<group>"; };
		6FB708D42FDF82A36E068603 /* InboundEvent.swift */ = {isa = PBXFileReference; lastKnownFileType = sourcecode.swift; path = InboundEvent.swift; sourceTree = "<group>"; };
		7372AB005D9D8611D0139D13 /* Participant.swift */ = {isa = PBXFileReference; lastKnownFileType = sourcecode.swift; path = Participant.swift; sourceTree = "<group>"; };
		75707EE1213832217898627D /* Orchestrator.swift */ = {isa = PBXFileReference; lastKnownFileType = sourcecode.swift; path = Orchestrator.swift; sourceTree = "<group>"; };
		7CEC67A741BD73726FF4B84B /* TestSupport.swift */ = {isa = PBXFileReference; lastKnownFileType = sourcecode.swift; path = TestSupport.swift; sourceTree = "<group>"; };
		7D1E23E8605D62C98D9F8E92 /* Message.swift */ = {isa = PBXFileReference; lastKnownFileType = sourcecode.swift; path = Message.swift; sourceTree = "<group>"; };
		7E1B721109D7FF51E9219894 /* GatingPoint.swift */ = {isa = PBXFileReference; lastKnownFileType = sourcecode.swift; path = GatingPoint.swift; sourceTree = "<group>"; };
		81D3FFD7CCA43EA2DAD99A1F /* PermissionDecision.swift */ = {isa = PBXFileReference; lastKnownFileType = sourcecode.swift; path = PermissionDecision.swift; sourceTree = "<group>"; };
		867F12D9E92BEEAC5C104B8F /* ActiveDraft.swift */ = {isa = PBXFileReference; lastKnownFileType = sourcecode.swift; path = ActiveDraft.swift; sourceTree = "<group>"; };
		8A1306E4836DF96A8FB25C71 /* SSEParser.swift */ = {isa = PBXFileReference; lastKnownFileType = sourcecode.swift; path = SSEParser.swift; sourceTree = "<group>"; };
		8A7D667DE419C0AF7EF69A65 /* PermissionPrompt.swift */ = {isa = PBXFileReference; lastKnownFileType = sourcecode.swift; path = PermissionPrompt.swift; sourceTree = "<group>"; };
		8DCDE34330F80973EDF38AB3 /* PersonaToolkit-watchOS.framework */ = {isa = PBXFileReference; explicitFileType = wrapper.framework; includeInIndex = 0; path = "PersonaToolkit-watchOS.framework"; sourceTree = BUILT_PRODUCTS_DIR; };
		90042F96026EA0A3B57630BD /* Backend.swift */ = {isa = PBXFileReference; lastKnownFileType = sourcecode.swift; path = Backend.swift; sourceTree = "<group>"; };
		958443F3DE998F78B153119B /* InteractiveWidget.swift */ = {isa = PBXFileReference; lastKnownFileType = sourcecode.swift; path = InteractiveWidget.swift; sourceTree = "<group>"; };
		995225CBB7D780C9BFCADAC5 /* ChatConfig.swift */ = {isa = PBXFileReference; lastKnownFileType = sourcecode.swift; path = ChatConfig.swift; sourceTree = "<group>"; };
		A35B7A2E6F2C77BD471E0753 /* Permission.swift */ = {isa = PBXFileReference; lastKnownFileType = sourcecode.swift; path = Permission.swift; sourceTree = "<group>"; };
		A66E68F1D0F329E558B85427 /* ChatUpdate.swift */ = {isa = PBXFileReference; lastKnownFileType = sourcecode.swift; path = ChatUpdate.swift; sourceTree = "<group>"; };
		A8EABA44CFDCB6E99BAAAD5E /* GatingHook.swift */ = {isa = PBXFileReference; lastKnownFileType = sourcecode.swift; path = GatingHook.swift; sourceTree = "<group>"; };
		AA3089824319B7B4673A2A1A /* PersonaToolkit-tvOS.framework */ = {isa = PBXFileReference; explicitFileType = wrapper.framework; includeInIndex = 0; path = "PersonaToolkit-tvOS.framework"; sourceTree = BUILT_PRODUCTS_DIR; };
		B1035B44C225DC505F5C35C4 /* CommandInvoker.swift */ = {isa = PBXFileReference; lastKnownFileType = sourcecode.swift; path = CommandInvoker.swift; sourceTree = "<group>"; };
		B343424C1FA16BE61F5425E7 /* PersonaToolkit-visionOS.framework */ = {isa = PBXFileReference; explicitFileType = wrapper.framework; includeInIndex = 0; path = "PersonaToolkit-visionOS.framework"; sourceTree = BUILT_PRODUCTS_DIR; };
		C7FF6586C60B20F50C79459F /* PermissionStore.swift */ = {isa = PBXFileReference; lastKnownFileType = sourcecode.swift; path = PermissionStore.swift; sourceTree = "<group>"; };
		D2A3999E1F92415C975AE1E0 /* AttachmentSource.swift */ = {isa = PBXFileReference; lastKnownFileType = sourcecode.swift; path = AttachmentSource.swift; sourceTree = "<group>"; };
		D31C80B696A35C53C5E84B71 /* Tool.swift */ = {isa = PBXFileReference; lastKnownFileType = sourcecode.swift; path = Tool.swift; sourceTree = "<group>"; };
		D65BA42497F76BBCFE63A8BF /* ObservingHook.swift */ = {isa = PBXFileReference; lastKnownFileType = sourcecode.swift; path = ObservingHook.swift; sourceTree = "<group>"; };
		DB745189443BDAE3EF71178A /* PersonaToolkit-macOS.framework */ = {isa = PBXFileReference; explicitFileType = wrapper.framework; includeInIndex = 0; path = "PersonaToolkit-macOS.framework"; sourceTree = BUILT_PRODUCTS_DIR; };
		DD6BE54519C987558A1046C5 /* InlineDocument.swift */ = {isa = PBXFileReference; lastKnownFileType = sourcecode.swift; path = InlineDocument.swift; sourceTree = "<group>"; };
		EED54EA1E94CB4E0744FD242 /* WidgetResponse.swift */ = {isa = PBXFileReference; lastKnownFileType = sourcecode.swift; path = WidgetResponse.swift; sourceTree = "<group>"; };
		EEDB81BBE7117ECA308E8621 /* AttachmentPresentation.swift */ = {isa = PBXFileReference; lastKnownFileType = sourcecode.swift; path = AttachmentPresentation.swift; sourceTree = "<group>"; };
		EF9F469C27C8EC353BC91C96 /* ObservingPoint.swift */ = {isa = PBXFileReference; lastKnownFileType = sourcecode.swift; path = ObservingPoint.swift; sourceTree = "<group>"; };
		F0F80B06F809E005407631B5 /* CommandInvocation.swift */ = {isa = PBXFileReference; lastKnownFileType = sourcecode.swift; path = CommandInvocation.swift; sourceTree = "<group>"; };
		F7721CBED8B72DDCACBD3F58 /* ParticipantConversationState.swift */ = {isa = PBXFileReference; lastKnownFileType = sourcecode.swift; path = ParticipantConversationState.swift; sourceTree = "<group>"; };
/* End PBXFileReference section */

/* Begin PBXFrameworksBuildPhase section */
		32397BDCDB5867FF3BBC7741 /* Frameworks */ = {
			isa = PBXFrameworksBuildPhase;
			buildActionMask = 2147483647;
			files = (
				360B493C44DFD34F312BE138 /* PersonaToolkit-macOS.framework in Frameworks */,
			);
			runOnlyForDeploymentPostprocessing = 0;
		};
/* End PBXFrameworksBuildPhase section */

/* Begin PBXGroup section */
		2579B242D826B323A36E8364 /* Commands */ = {
			isa = PBXGroup;
			children = (
				1290751FF6377C47F6F6713C /* Command.swift */,
				F0F80B06F809E005407631B5 /* CommandInvocation.swift */,
				B1035B44C225DC505F5C35C4 /* CommandInvoker.swift */,
				04DEF49A331C636CB0608857 /* CommandResult.swift */,
				4551248E1B2EB05DDA7194A3 /* Skill.swift */,
				D31C80B696A35C53C5E84B71 /* Tool.swift */,
			);
			path = Commands;
			sourceTree = "<group>";
		};
		2C6D05236C6D733954B8C15D /* Permissions */ = {
			isa = PBXGroup;
			children = (
				A35B7A2E6F2C77BD471E0753 /* Permission.swift */,
				81D3FFD7CCA43EA2DAD99A1F /* PermissionDecision.swift */,
				8A7D667DE419C0AF7EF69A65 /* PermissionPrompt.swift */,
				C7FF6586C60B20F50C79459F /* PermissionStore.swift */,
			);
			path = Permissions;
			sourceTree = "<group>";
		};
		323528F7F223B4A660CCB425 /* Sources */ = {
			isa = PBXGroup;
			children = (
				744BB187733EB57961F025CD /* Attachments */,
				616051345E529F64229E2DCF /* Backend */,
				AB6046E30D76A3B274B8AA81 /* Chat */,
				2579B242D826B323A36E8364 /* Commands */,
				B4D315D0EEAD700052558234 /* Configuration */,
				7A18910568D297D62EACE39E /* Coordinator */,
				8F9F02C47895F92766911A90 /* Hooks */,
				44CEB4ADBD3EE07CEAE15BA4 /* Media */,
				3663B9EFDB5C19C82D00124E /* Messages */,
				45CA0CAFB3DA433E78A7809A /* Orchestrator */,
				6E070AA5E59F6BDD8245BB0A /* Participants */,
				2C6D05236C6D733954B8C15D /* Permissions */,
			);
			path = Sources;
			sourceTree = "<group>";
		};
		3663B9EFDB5C19C82D00124E /* Messages */ = {
			isa = PBXGroup;
			children = (
				6D2BD2904642C1E5ED01CA92 /* Conversation.swift */,
				7D1E23E8605D62C98D9F8E92 /* Message.swift */,
				4584E17462FDB634B4624B0F /* MessageDeliveryStatus.swift */,
				2ECEE63B8D032D86CA9E45A7 /* ReadReceipt.swift */,
			);
			path = Messages;
			sourceTree = "<group>";
		};
		44CEB4ADBD3EE07CEAE15BA4 /* Media */ = {
			isa = PBXGroup;
			children = (
				EEDB81BBE7117ECA308E8621 /* AttachmentPresentation.swift */,
				D2A3999E1F92415C975AE1E0 /* AttachmentSource.swift */,
				1D80C17F67ED332CA45F9AAF /* MediaType.swift */,
			);
			path = Media;
			sourceTree = "<group>";
		};
		45CA0CAFB3DA433E78A7809A /* Orchestrator */ = {
			isa = PBXGroup;
			children = (
				75707EE1213832217898627D /* Orchestrator.swift */,
			);
			path = Orchestrator;
			sourceTree = "<group>";
		};
		616051345E529F64229E2DCF /* Backend */ = {
			isa = PBXGroup;
			children = (
				90042F96026EA0A3B57630BD /* Backend.swift */,
				6FB708D42FDF82A36E068603 /* InboundEvent.swift */,
			);
			path = Backend;
			sourceTree = "<group>";
		};
		6E070AA5E59F6BDD8245BB0A /* Participants */ = {
			isa = PBXGroup;
			children = (
				7372AB005D9D8611D0139D13 /* Participant.swift */,
				F7721CBED8B72DDCACBD3F58 /* ParticipantConversationState.swift */,
				1121BFAABC018A3919E2E110 /* ParticipantKind.swift */,
			);
			path = Participants;
			sourceTree = "<group>";
		};
		744BB187733EB57961F025CD /* Attachments */ = {
			isa = PBXGroup;
			children = (
				328E69FF27FE21CCA90AF924 /* Attachment.swift */,
				DD6BE54519C987558A1046C5 /* InlineDocument.swift */,
				958443F3DE998F78B153119B /* InteractiveWidget.swift */,
				EED54EA1E94CB4E0744FD242 /* WidgetResponse.swift */,
			);
			path = Attachments;
			sourceTree = "<group>";
		};
		7A18910568D297D62EACE39E /* Coordinator */ = {
			isa = PBXGroup;
			children = (
				2B77A7C69FC9FFCFE586976C /* PersonaChatCoordinator.swift */,
				8A1306E4836DF96A8FB25C71 /* SSEParser.swift */,
			);
			path = Coordinator;
			sourceTree = "<group>";
		};
		7C1E26BD282B33A65A6D49BD = {
			isa = PBXGroup;
			children = (
				323528F7F223B4A660CCB425 /* Sources */,
				CD7A07F16FADC3AB54057BAA /* Tests */,
				8C36775C2CE31CC3486BDCFA /* Products */,
			);
			sourceTree = "<group>";
		};
		8C36775C2CE31CC3486BDCFA /* Products */ = {
			isa = PBXGroup;
			children = (
				6A31526DB0250AE7ADC39A67 /* PersonaToolkit-iOS.framework */,
				DB745189443BDAE3EF71178A /* PersonaToolkit-macOS.framework */,
				AA3089824319B7B4673A2A1A /* PersonaToolkit-tvOS.framework */,
				B343424C1FA16BE61F5425E7 /* PersonaToolkit-visionOS.framework */,
				8DCDE34330F80973EDF38AB3 /* PersonaToolkit-watchOS.framework */,
				1A2C8202D682E3CAFB46F25A /* PersonaToolkitTests-macOS.xctest */,
			);
			name = Products;
			sourceTree = "<group>";
		};
		8F9F02C47895F92766911A90 /* Hooks */ = {
			isa = PBXGroup;
			children = (
				A8EABA44CFDCB6E99BAAAD5E /* GatingHook.swift */,
				7E1B721109D7FF51E9219894 /* GatingPoint.swift */,
				2795559B4470C730AEC086AE /* HookContext.swift */,
				0E0E11E5FD699439B15DC234 /* HookDecision.swift */,
				D65BA42497F76BBCFE63A8BF /* ObservingHook.swift */,
				EF9F469C27C8EC353BC91C96 /* ObservingPoint.swift */,
			);
			path = Hooks;
			sourceTree = "<group>";
		};
		A7C26BA0A94055D5D8B329F9 /* PersonaToolkitTests */ = {
			isa = PBXGroup;
			children = (
				41B89D18C52A6A0396E2E523 /* PersonaChatCoordinatorTests.swift */,
				7CEC67A741BD73726FF4B84B /* TestSupport.swift */,
			);
			path = PersonaToolkitTests;
			sourceTree = "<group>";
		};
		AB6046E30D76A3B274B8AA81 /* Chat */ = {
			isa = PBXGroup;
			children = (
				867F12D9E92BEEAC5C104B8F /* ActiveDraft.swift */,
				265155732EA6EAF128AA798F /* ChatStateObserver.swift */,
				A66E68F1D0F329E558B85427 /* ChatUpdate.swift */,
				0F4D7F180977E0FB09A55650 /* ChatViewModel.swift */,
			);
			path = Chat;
			sourceTree = "<group>";
		};
		B4D315D0EEAD700052558234 /* Configuration */ = {
			isa = PBXGroup;
			children = (
				995225CBB7D780C9BFCADAC5 /* ChatConfig.swift */,
				3CFA16BBF754017ED4007EDB /* DisplayConfig.swift */,
			);
			path = Configuration;
			sourceTree = "<group>";
		};
		CD7A07F16FADC3AB54057BAA /* Tests */ = {
			isa = PBXGroup;
			children = (
				A7C26BA0A94055D5D8B329F9 /* PersonaToolkitTests */,
			);
			path = Tests;
			sourceTree = "<group>";
		};
/* End PBXGroup section */

/* Begin PBXNativeTarget section */
		045C9AD9239BB066F6F22C93 /* PersonaToolkit-tvOS */ = {
			isa = PBXNativeTarget;
			buildConfigurationList = 7EE63FA247FA3F13B9E7294E /* Build configuration list for PBXNativeTarget "PersonaToolkit-tvOS" */;
			buildPhases = (
				C865A5B821F6C0B0350DFD1A /* Sources */,
			);
			buildRules = (
			);
			dependencies = (
			);
			name = "PersonaToolkit-tvOS";
			packageProductDependencies = (
			);
			productName = "PersonaToolkit-tvOS";
			productReference = AA3089824319B7B4673A2A1A /* PersonaToolkit-tvOS.framework */;
			productType = "com.apple.product-type.framework";
		};
		08FF15C05FC615D83054E547 /* PersonaToolkit-macOS */ = {
			isa = PBXNativeTarget;
			buildConfigurationList = AFFA79CE0365790AF1A892DB /* Build configuration list for PBXNativeTarget "PersonaToolkit-macOS" */;
			buildPhases = (
				0EC986506915C837189059E7 /* Sources */,
			);
			buildRules = (
			);
			dependencies = (
			);
			name = "PersonaToolkit-macOS";
			packageProductDependencies = (
			);
			productName = "PersonaToolkit-macOS";
			productReference = DB745189443BDAE3EF71178A /* PersonaToolkit-macOS.framework */;
			productType = "com.apple.product-type.framework";
		};
		47F44DDB04F4B88FFA15455C /* PersonaToolkit-visionOS */ = {
			isa = PBXNativeTarget;
			buildConfigurationList = D4C7E3C6E93987693115D489 /* Build configuration list for PBXNativeTarget "PersonaToolkit-visionOS" */;
			buildPhases = (
				93DB07E2D8AC2A4DBED3BB52 /* Sources */,
			);
			buildRules = (
			);
			dependencies = (
			);
			name = "PersonaToolkit-visionOS";
			packageProductDependencies = (
			);
			productName = "PersonaToolkit-visionOS";
			productReference = B343424C1FA16BE61F5425E7 /* PersonaToolkit-visionOS.framework */;
			productType = "com.apple.product-type.framework";
		};
		590653D88E5C6FA0FA3B5706 /* PersonaToolkitTests-macOS */ = {
			isa = PBXNativeTarget;
			buildConfigurationList = B6664E3EFF4B201B97A632FA /* Build configuration list for PBXNativeTarget "PersonaToolkitTests-macOS" */;
			buildPhases = (
				3BE05D36A7AE543D3AE1747F /* Sources */,
				32397BDCDB5867FF3BBC7741 /* Frameworks */,
				AE6D1543EDA5F18DB43D4065 /* Embed Frameworks */,
			);
			buildRules = (
			);
			dependencies = (
				B4D2260C80373974A58AFCEE /* PBXTargetDependency */,
			);
			name = "PersonaToolkitTests-macOS";
			packageProductDependencies = (
			);
			productName = "PersonaToolkitTests-macOS";
			productReference = 1A2C8202D682E3CAFB46F25A /* PersonaToolkitTests-macOS.xctest */;
			productType = "com.apple.product-type.bundle.unit-test";
		};
		D465D29E144A622FBECD080E /* PersonaToolkit-watchOS */ = {
			isa = PBXNativeTarget;
			buildConfigurationList = 0F9E38C38AAD18183EBDFA12 /* Build configuration list for PBXNativeTarget "PersonaToolkit-watchOS" */;
			buildPhases = (
				C58DFB6737DA8652CC8B6725 /* Sources */,
			);
			buildRules = (
			);
			dependencies = (
			);
			name = "PersonaToolkit-watchOS";
			packageProductDependencies = (
			);
			productName = "PersonaToolkit-watchOS";
			productReference = 8DCDE34330F80973EDF38AB3 /* PersonaToolkit-watchOS.framework */;
			productType = "com.apple.product-type.framework";
		};
		FBB87B11EB389A746673E21F /* PersonaToolkit-iOS */ = {
			isa = PBXNativeTarget;
			buildConfigurationList = 2A87DFB3F73448C8C17F087E /* Build configuration list for PBXNativeTarget "PersonaToolkit-iOS" */;
			buildPhases = (
				79876BBD0BA3372F47D9D95F /* Sources */,
			);
			buildRules = (
			);
			dependencies = (
			);
			name = "PersonaToolkit-iOS";
			packageProductDependencies = (
			);
			productName = "PersonaToolkit-iOS";
			productReference = 6A31526DB0250AE7ADC39A67 /* PersonaToolkit-iOS.framework */;
			productType = "com.apple.product-type.framework";
		};
/* End PBXNativeTarget section */

/* Begin PBXProject section */
		603BECE51C44C5726A39CC88 /* Project object */ = {
			isa = PBXProject;
			attributes = {
				BuildIndependentTargetsInParallel = YES;
				LastUpgradeCheck = 1430;
			};
			buildConfigurationList = A71D8DC89FDAB034E303F316 /* Build configuration list for PBXProject "PersonaToolkit" */;
			compatibilityVersion = "Xcode 14.0";
			developmentRegion = en;
			hasScannedForEncodings = 0;
			knownRegions = (
				Base,
				en,
			);
			mainGroup = 7C1E26BD282B33A65A6D49BD;
			minimizedProjectReferenceProxies = 1;
			preferredProjectObjectVersion = 77;
			projectDirPath = "";
			projectRoot = "";
			targets = (
				FBB87B11EB389A746673E21F /* PersonaToolkit-iOS */,
				08FF15C05FC615D83054E547 /* PersonaToolkit-macOS */,
				045C9AD9239BB066F6F22C93 /* PersonaToolkit-tvOS */,
				47F44DDB04F4B88FFA15455C /* PersonaToolkit-visionOS */,
				D465D29E144A622FBECD080E /* PersonaToolkit-watchOS */,
				590653D88E5C6FA0FA3B5706 /* PersonaToolkitTests-macOS */,
			);
		};
/* End PBXProject section */

/* Begin PBXSourcesBuildPhase section */
		0EC986506915C837189059E7 /* Sources */ = {
			isa = PBXSourcesBuildPhase;
			buildActionMask = 2147483647;
			files = (
				81D4FB3D75FEC561C8C27C21 /* ActiveDraft.swift in Sources */,
				B9A53A0068BB5C1F01A5AEBF /* Attachment.swift in Sources */,
				41BEE4E66DD3C00135EF66E6 /* AttachmentPresentation.swift in Sources */,
				8094F56D107364500EEC93D1 /* AttachmentSource.swift in Sources */,
				BDED4D033ECF0D2E231FD265 /* Backend.swift in Sources */,
				52E2F6A905470AB1952B529B /* ChatConfig.swift in Sources */,
				79C104AAE3E1267E63B346A7 /* ChatStateObserver.swift in Sources */,
				EB97373BCFBF6A13B1FAF517 /* ChatUpdate.swift in Sources */,
				291E05391EF19B04FDB42B70 /* ChatViewModel.swift in Sources */,
				29E387085996B781DCDAAC63 /* Command.swift in Sources */,
				C83043061D4A2BD5BC94AD20 /* CommandInvocation.swift in Sources */,
				87082AB5CF3D0E8DAB2C029E /* CommandInvoker.swift in Sources */,
				704DBBB2ACA8D78579804F23 /* CommandResult.swift in Sources */,
				267BC2DAC0D2E23893EE7A26 /* Conversation.swift in Sources */,
				1FC915B06275A48D7A505445 /* DisplayConfig.swift in Sources */,
				629FD7E04935629B5A041BC7 /* GatingHook.swift in Sources */,
				1BA998A4D398A5352AD91F8C /* GatingPoint.swift in Sources */,
				71E5C64AED54233D848CBA78 /* HookContext.swift in Sources */,
				D7443873118F3AB1CF7913EB /* HookDecision.swift in Sources */,
				589AEB20B8844F3D5B9C3505 /* InboundEvent.swift in Sources */,
				17478EF593D356281ACB5D18 /* InlineDocument.swift in Sources */,
				1D500D2C35439F06A6BDDB92 /* InteractiveWidget.swift in Sources */,
				F4D88F826A5599D225B00FC4 /* MediaType.swift in Sources */,
				0292CB3801E5485DA2742F03 /* Message.swift in Sources */,
				81BA8C84BF429E0D970899D4 /* MessageDeliveryStatus.swift in Sources */,
				0AC9019D803CDA7596AC35EE /* ObservingHook.swift in Sources */,
				F8BE1570A9D34F6B85056E05 /* ObservingPoint.swift in Sources */,
				6D144AD8E8532AB10C7EA3F7 /* Orchestrator.swift in Sources */,
				E1D4A2DDC8DFC7A154CFC4E5 /* Participant.swift in Sources */,
				7F6B50A2E5EB226743F3868C /* ParticipantConversationState.swift in Sources */,
				2B2DAB6D14C34F0FE6203FF2 /* ParticipantKind.swift in Sources */,
				B0CCEBE81D2611A74014784F /* Permission.swift in Sources */,
				B23DD5FEC963D899C78E2B63 /* PermissionDecision.swift in Sources */,
				A4128C25A4753C59F0F0A7F9 /* PermissionPrompt.swift in Sources */,
				59860BF9770D24CB5B49BDF2 /* PermissionStore.swift in Sources */,
				62725EE510AE0865573C9804 /* PersonaChatCoordinator.swift in Sources */,
				F5BA8EECAE508663A88A8D60 /* ReadReceipt.swift in Sources */,
				DDF33BCCAC240AA5699EC698 /* SSEParser.swift in Sources */,
				8D24E9FE14E64D11C3E40652 /* Skill.swift in Sources */,
				227C21D5618D715FEBF09959 /* Tool.swift in Sources */,
				8D0E382ECCC14557B7A272D3 /* WidgetResponse.swift in Sources */,
			);
			runOnlyForDeploymentPostprocessing = 0;
		};
		3BE05D36A7AE543D3AE1747F /* Sources */ = {
			isa = PBXSourcesBuildPhase;
			buildActionMask = 2147483647;
			files = (
				517ABC99312C419889AA8A50 /* PersonaChatCoordinatorTests.swift in Sources */,
				2A6FB7AFF9D558B4E84D94A8 /* TestSupport.swift in Sources */,
			);
			runOnlyForDeploymentPostprocessing = 0;
		};
		79876BBD0BA3372F47D9D95F /* Sources */ = {
			isa = PBXSourcesBuildPhase;
			buildActionMask = 2147483647;
			files = (
				735D67AB65B48B594D510119 /* ActiveDraft.swift in Sources */,
				F50FDCDA51939385C967FC41 /* Attachment.swift in Sources */,
				93718E0E1E8B1492961009BB /* AttachmentPresentation.swift in Sources */,
				468E139E894160E1158B9639 /* AttachmentSource.swift in Sources */,
				00051DFF7C1BB7D1AA236587 /* Backend.swift in Sources */,
				72DD035C0472FA6A6E1AE02C /* ChatConfig.swift in Sources */,
				A5A9BC27A55E1BDC724B5D99 /* ChatStateObserver.swift in Sources */,
				C8F2AACE24F77EA163A4BB40 /* ChatUpdate.swift in Sources */,
				38C3A62718CCFB83865C28F6 /* ChatViewModel.swift in Sources */,
				2E4BC4C869CD22D14BC659DF /* Command.swift in Sources */,
				7156F09EAC9724C94261315C /* CommandInvocation.swift in Sources */,
				B0B66280CABE63DCC0EE98EA /* CommandInvoker.swift in Sources */,
				3D6ACF0BB4FA31FDAFC5A088 /* CommandResult.swift in Sources */,
				30FEF3455C66FA76B7CEABA3 /* Conversation.swift in Sources */,
				9645B47DCC4902BCAE3AB4C6 /* DisplayConfig.swift in Sources */,
				5D443EE0E03FED4131017701 /* GatingHook.swift in Sources */,
				C715A4701ABBFD439EAD63C5 /* GatingPoint.swift in Sources */,
				8C55EEF659F724CEF2528D0A /* HookContext.swift in Sources */,
				913488F5E6BE76C8C43E3FBF /* HookDecision.swift in Sources */,
				645B3BE1A4AAF2AEBCA960F1 /* InboundEvent.swift in Sources */,
				0E7D3462FB71E851668432DE /* InlineDocument.swift in Sources */,
				28E721BDE7C56C719D5D3C0C /* InteractiveWidget.swift in Sources */,
				5F55F347550819E0745C46D8 /* MediaType.swift in Sources */,
				DF9D04AD2CF6899B956E92E2 /* Message.swift in Sources */,
				18CC686BA128C5317AC00151 /* MessageDeliveryStatus.swift in Sources */,
				38C45A5DF5979D0508F0A927 /* ObservingHook.swift in Sources */,
				7CE5094A2BC2D5410924D2E9 /* ObservingPoint.swift in Sources */,
				1138C331DA8AB914F51376E5 /* Orchestrator.swift in Sources */,
				3803D3B1A35B52675130F4BC /* Participant.swift in Sources */,
				EB9F4B10078B4354F10481E0 /* ParticipantConversationState.swift in Sources */,
				49E03D3252CF9E1BF4D83BC4 /* ParticipantKind.swift in Sources */,
				A5685DC2BFF0C0F51D0D43A0 /* Permission.swift in Sources */,
				9083A61C40C9FE97A2E98B97 /* PermissionDecision.swift in Sources */,
				2701F892BFB624CC5F9552F2 /* PermissionPrompt.swift in Sources */,
				2A0860E381B4222724DB4919 /* PermissionStore.swift in Sources */,
				0DFF1A2BEA38C67A87E221E4 /* PersonaChatCoordinator.swift in Sources */,
				771A84884961ED3DF9A9A34D /* ReadReceipt.swift in Sources */,
				FA781423900A13B03077DB46 /* SSEParser.swift in Sources */,
				4314BCD552DF45B9C306195C /* Skill.swift in Sources */,
				5E4F4FE207AFD9A17809165C /* Tool.swift in Sources */,
				C9AED84C9E9339CC8647BB9A /* WidgetResponse.swift in Sources */,
			);
			runOnlyForDeploymentPostprocessing = 0;
		};
		93DB07E2D8AC2A4DBED3BB52 /* Sources */ = {
			isa = PBXSourcesBuildPhase;
			buildActionMask = 2147483647;
			files = (
				0FC31A842F55581559BC527B /* ActiveDraft.swift in Sources */,
				2744C9FBA9457D99E96C6A45 /* Attachment.swift in Sources */,
				CE2BF028D757A6997D2E79F1 /* AttachmentPresentation.swift in Sources */,
				3B965BD7906FD37B39B9B2C9 /* AttachmentSource.swift in Sources */,
				565D874A8A27FDB56BEF09CF /* Backend.swift in Sources */,
				CB815DCD8A713688DE7A8592 /* ChatConfig.swift in Sources */,
				FD780D91872B2F4D417AC1E0 /* ChatStateObserver.swift in Sources */,
				CA781CF87F12A7E908C92A42 /* ChatUpdate.swift in Sources */,
				53AB05D14E3D3B169A613370 /* ChatViewModel.swift in Sources */,
				AF2B9DAE03210FF5722F03E8 /* Command.swift in Sources */,
				BD3C965EBBC3659B1DD79564 /* CommandInvocation.swift in Sources */,
				33D71CFF70DE63DC75BC7168 /* CommandInvoker.swift in Sources */,
				BB1934FC72C6A2615A30094C /* CommandResult.swift in Sources */,
				D0C7BD62D45E64B0609F2A68 /* Conversation.swift in Sources */,
				CDC277A49E6EACE4E13FD17C /* DisplayConfig.swift in Sources */,
				29BB3CDB53A6AB60182CDC12 /* GatingHook.swift in Sources */,
				D1A81B9908C98F93761444D8 /* GatingPoint.swift in Sources */,
				57A17FE4C3F395CDC02AD05D /* HookContext.swift in Sources */,
				3EC9B923354D4FE3C4627522 /* HookDecision.swift in Sources */,
				97B83B82960EECFA8923CA2D /* InboundEvent.swift in Sources */,
				5E7BC539CB88E98333F84C55 /* InlineDocument.swift in Sources */,
				611541076F46E7F0891D5AA0 /* InteractiveWidget.swift in Sources */,
				D2F8955D724A0EB7BE2D2E8C /* MediaType.swift in Sources */,
				8D9176294C7865E34075A8B9 /* Message.swift in Sources */,
				82F54B13F205CF9C910AF02B /* MessageDeliveryStatus.swift in Sources */,
				78AB02D27755F5381110F668 /* ObservingHook.swift in Sources */,
				6C5F23615A0909B2E1AB9CBC /* ObservingPoint.swift in Sources */,
				C500ED0357D8B7E0DAAB51A2 /* Orchestrator.swift in Sources */,
				1CE1FEAD5B392B65D4E6B4EA /* Participant.swift in Sources */,
				85D7696A4BC23DAF2E64BEBD /* ParticipantConversationState.swift in Sources */,
				3E276FC2160B6A2F51365822 /* ParticipantKind.swift in Sources */,
				DAE496849465FE7EA47A4219 /* Permission.swift in Sources */,
				F4AC0F825F894C82291E28F4 /* PermissionDecision.swift in Sources */,
				F975427F31A89B7CD3503298 /* PermissionPrompt.swift in Sources */,
				F33314DEAD073EB3483F94A1 /* PermissionStore.swift in Sources */,
				01B4119F61910AFE61B9962F /* PersonaChatCoordinator.swift in Sources */,
				36CDC20913A85F6C52B94344 /* ReadReceipt.swift in Sources */,
				492A1692883A3B7E32B6D3D5 /* SSEParser.swift in Sources */,
				8FEB07730AC45F0C20ECDE0F /* Skill.swift in Sources */,
				9A856D300A84370A8E5E95D4 /* Tool.swift in Sources */,
				C7C3D66F78A0FD33D27B296D /* WidgetResponse.swift in Sources */,
			);
			runOnlyForDeploymentPostprocessing = 0;
		};
		C58DFB6737DA8652CC8B6725 /* Sources */ = {
			isa = PBXSourcesBuildPhase;
			buildActionMask = 2147483647;
			files = (
				54F0061E822536C9E48F9599 /* ActiveDraft.swift in Sources */,
				E5D868EB5D790B225B7295B9 /* Attachment.swift in Sources */,
				7F84C2AC310728AC39B0D548 /* AttachmentPresentation.swift in Sources */,
				71D3E7D7131D4DEEEBB18E8F /* AttachmentSource.swift in Sources */,
				4622E2347E8BD18A52E1995B /* Backend.swift in Sources */,
				9E3B6608E8DAF834E2C83485 /* ChatConfig.swift in Sources */,
				3F5979DBFB2C6623CBE8C353 /* ChatStateObserver.swift in Sources */,
				4E8FF183A3C903FC75781CAD /* ChatUpdate.swift in Sources */,
				87B933677FBFA0897105B8B9 /* ChatViewModel.swift in Sources */,
				F41174AA594F8B39744E3EA2 /* Command.swift in Sources */,
				BEB7C269E6D78010E2894BF9 /* CommandInvocation.swift in Sources */,
				B2DC52865517E74C15F193B4 /* CommandInvoker.swift in Sources */,
				67C8C19FA9288CD6EAB688FA /* CommandResult.swift in Sources */,
				4FAEC38FBFCAFB3BCD39AD58 /* Conversation.swift in Sources */,
				BA9DA48D368527C67BF5CA18 /* DisplayConfig.swift in Sources */,
				4110FBF93EB91D6125DC55E8 /* GatingHook.swift in Sources */,
				2630DFAC129E4D168BB5F8E2 /* GatingPoint.swift in Sources */,
				9895EED19A2DFF3250362D88 /* HookContext.swift in Sources */,
				46E668F0AC4131DEBEBF86EA /* HookDecision.swift in Sources */,
				B203472922E8C51D08F7C242 /* InboundEvent.swift in Sources */,
				10B0D77E367E3C43C2462A63 /* InlineDocument.swift in Sources */,
				238348685D55CB91E78447C7 /* InteractiveWidget.swift in Sources */,
				DCBE4500208C7B24B37E2343 /* MediaType.swift in Sources */,
				B5260856F690AC6F73F77AA4 /* Message.swift in Sources */,
				9496AB8EA6FED3567281A80C /* MessageDeliveryStatus.swift in Sources */,
				04AF061B6F4A82E509B8BEC4 /* ObservingHook.swift in Sources */,
				935214A86E53F70E457AE72C /* ObservingPoint.swift in Sources */,
				B298F50DC5CF478344D848D3 /* Orchestrator.swift in Sources */,
				38037C6F3490177AE0729206 /* Participant.swift in Sources */,
				696764752E8580D66964D27F /* ParticipantConversationState.swift in Sources */,
				825B9F6C2AF8C0D37EFA3C13 /* ParticipantKind.swift in Sources */,
				D60708FE10BF160F76AFC895 /* Permission.swift in Sources */,
				4FFD75BD41F26A5697C2650E /* PermissionDecision.swift in Sources */,
				BE79884734141401EEAE220A /* PermissionPrompt.swift in Sources */,
				E2F2BF6A78E560C123097589 /* PermissionStore.swift in Sources */,
				7E759D7A77908B4E14E2AA1C /* PersonaChatCoordinator.swift in Sources */,
				0FF90ACB1DB750C91003886D /* ReadReceipt.swift in Sources */,
				96CFCC58A4A942F15F58196D /* SSEParser.swift in Sources */,
				B369D4E692EEE0593F5D08A7 /* Skill.swift in Sources */,
				154F0BEF15D0074AF514DD47 /* Tool.swift in Sources */,
				806570859154E86D14BE7657 /* WidgetResponse.swift in Sources */,
			);
			runOnlyForDeploymentPostprocessing = 0;
		};
		C865A5B821F6C0B0350DFD1A /* Sources */ = {
			isa = PBXSourcesBuildPhase;
			buildActionMask = 2147483647;
			files = (
				26BC0B7F4A3FED7827440F6E /* ActiveDraft.swift in Sources */,
				E1506E81488C7D69FF3ED4DE /* Attachment.swift in Sources */,
				B21A6E9119A1FD92AB8E9D51 /* AttachmentPresentation.swift in Sources */,
				001F845D0C0465E3A62539F4 /* AttachmentSource.swift in Sources */,
				9658DDBCCEDED84AC491A82E /* Backend.swift in Sources */,
				EA31BACACFA10BA386A75197 /* ChatConfig.swift in Sources */,
				69385E743B641FCBF33EE549 /* ChatStateObserver.swift in Sources */,
				DCEF46AB9E2C89BEEB44A305 /* ChatUpdate.swift in Sources */,
				1573DE9E2C23CC917BD573FF /* ChatViewModel.swift in Sources */,
				EEA05281914E7D6857977369 /* Command.swift in Sources */,
				F3DEB616C16587F463F369C3 /* CommandInvocation.swift in Sources */,
				4DD2ECB76C49153C845448A4 /* CommandInvoker.swift in Sources */,
				8D591CDA92F951C03425954E /* CommandResult.swift in Sources */,
				A33859997D72B0E3B7E087D4 /* Conversation.swift in Sources */,
				48804EDA9C5DF9A6498CCB50 /* DisplayConfig.swift in Sources */,
				5C63426A9DBC819967FAB01A /* GatingHook.swift in Sources */,
				52FB4666A895EA3D22710CE0 /* GatingPoint.swift in Sources */,
				33E42FE2C69C0CAB8BDF7E2D /* HookContext.swift in Sources */,
				F96E99949B684BF6A2F879E1 /* HookDecision.swift in Sources */,
				81A679AB5D5C9F27832F3CA0 /* InboundEvent.swift in Sources */,
				680C791656D9C92C27C77BD7 /* InlineDocument.swift in Sources */,
				A0B4C4FA35D9F2FAE4A2907F /* InteractiveWidget.swift in Sources */,
				D278F856C43D2A8123B4A1EA /* MediaType.swift in Sources */,
				40D29B5B2875934BD4BE8FB0 /* Message.swift in Sources */,
				6026A7687EFBEA9EAF48730A /* MessageDeliveryStatus.swift in Sources */,
				9686D0F69189BAB4C13DBC69 /* ObservingHook.swift in Sources */,
				EF20D3F00D4269AA378673BE /* ObservingPoint.swift in Sources */,
				C889638254FEDEECFD7745E7 /* Orchestrator.swift in Sources */,
				ED8527899B922EEEF7082DC8 /* Participant.swift in Sources */,
				E809AB145DEC1AFB32A07951 /* ParticipantConversationState.swift in Sources */,
				CA822CD394AB835B5757C84D /* ParticipantKind.swift in Sources */,
				118AF6A586EE397DB83EA10F /* Permission.swift in Sources */,
				87D276DDC63281C904136E7C /* PermissionDecision.swift in Sources */,
				1D772B911D18647873169D67 /* PermissionPrompt.swift in Sources */,
				238CCEAD87D0D759AE7C9396 /* PermissionStore.swift in Sources */,
				6339B841D5E774F9457617D8 /* PersonaChatCoordinator.swift in Sources */,
				12A0F27169F4A586F13B8E61 /* ReadReceipt.swift in Sources */,
				326FA02F2281D30F690A17D6 /* SSEParser.swift in Sources */,
				58D1DA8E2C758E792E99C598 /* Skill.swift in Sources */,
				B5C1F546D7161A306FA21467 /* Tool.swift in Sources */,
				4A2FDDC224A8684020A4E1D7 /* WidgetResponse.swift in Sources */,
			);
			runOnlyForDeploymentPostprocessing = 0;
		};
/* End PBXSourcesBuildPhase section */

/* Begin PBXTargetDependency section */
		B4D2260C80373974A58AFCEE /* PBXTargetDependency */ = {
			isa = PBXTargetDependency;
			target = 08FF15C05FC615D83054E547 /* PersonaToolkit-macOS */;
			targetProxy = 4B40AA5515F288E9240B1F0E /* PBXContainerItemProxy */;
		};
/* End PBXTargetDependency section */

/* Begin XCBuildConfiguration section */
		02F1A74C73992A7E8629A579 /* Release */ = {
			isa = XCBuildConfiguration;
			buildSettings = {
				CODE_SIGN_IDENTITY = "";
				CURRENT_PROJECT_VERSION = 1;
				DEFINES_MODULE = YES;
				DYLIB_COMPATIBILITY_VERSION = 1;
				DYLIB_CURRENT_VERSION = 1;
				DYLIB_INSTALL_NAME_BASE = "@rpath";
				INSTALL_PATH = "$(LOCAL_LIBRARY_DIR)/Frameworks";
				LD_RUNPATH_SEARCH_PATHS = (
					"$(inherited)",
					"@executable_path/Frameworks",
				);
				PRODUCT_BUNDLE_IDENTIFIER = com.mikefullerton.PersonaToolkit.lib.ios;
				PRODUCT_NAME = PersonaToolkit;
				SDKROOT = iphoneos;
				SKIP_INSTALL = YES;
				TARGETED_DEVICE_FAMILY = "1,2";
				VERSIONING_SYSTEM = "apple-generic";
			};
			name = Release;
		};
		13086031782A821EAD6A5439 /* Debug */ = {
			isa = XCBuildConfiguration;
			buildSettings = {
				ALWAYS_SEARCH_USER_PATHS = NO;
				CLANG_ANALYZER_NONNULL = YES;
				CLANG_ANALYZER_NUMBER_OBJECT_CONVERSION = YES_AGGRESSIVE;
				CLANG_CXX_LANGUAGE_STANDARD = "gnu++14";
				CLANG_CXX_LIBRARY = "libc++";
				CLANG_ENABLE_MODULES = YES;
				CLANG_ENABLE_OBJC_ARC = YES;
				CLANG_ENABLE_OBJC_WEAK = YES;
				CLANG_WARN_BLOCK_CAPTURE_AUTORELEASING = YES;
				CLANG_WARN_BOOL_CONVERSION = YES;
				CLANG_WARN_COMMA = YES;
				CLANG_WARN_CONSTANT_CONVERSION = YES;
				CLANG_WARN_DEPRECATED_OBJC_IMPLEMENTATIONS = YES;
				CLANG_WARN_DIRECT_OBJC_ISA_USAGE = YES_ERROR;
				CLANG_WARN_DOCUMENTATION_COMMENTS = YES;
				CLANG_WARN_EMPTY_BODY = YES;
				CLANG_WARN_ENUM_CONVERSION = YES;
				CLANG_WARN_INFINITE_RECURSION = YES;
				CLANG_WARN_INT_CONVERSION = YES;
				CLANG_WARN_NON_LITERAL_NULL_CONVERSION = YES;
				CLANG_WARN_OBJC_IMPLICIT_RETAIN_SELF = YES;
				CLANG_WARN_OBJC_LITERAL_CONVERSION = YES;
				CLANG_WARN_OBJC_ROOT_CLASS = YES_ERROR;
				CLANG_WARN_QUOTED_INCLUDE_IN_FRAMEWORK_HEADER = YES;
				CLANG_WARN_RANGE_LOOP_ANALYSIS = YES;
				CLANG_WARN_STRICT_PROTOTYPES = YES;
				CLANG_WARN_SUSPICIOUS_MOVE = YES;
				CLANG_WARN_UNGUARDED_AVAILABILITY = YES_AGGRESSIVE;
				CLANG_WARN_UNREACHABLE_CODE = YES;
				CLANG_WARN__DUPLICATE_METHOD_MATCH = YES;
				COPY_PHASE_STRIP = NO;
				CURRENT_PROJECT_VERSION = 1;
				DEBUG_INFORMATION_FORMAT = dwarf;
				DEFINES_MODULE = YES;
				ENABLE_STRICT_OBJC_MSGSEND = YES;
				ENABLE_TESTABILITY = YES;
				GCC_C_LANGUAGE_STANDARD = gnu11;
				GCC_DYNAMIC_NO_PIC = NO;
				GCC_NO_COMMON_BLOCKS = YES;
				GCC_OPTIMIZATION_LEVEL = 0;
				GCC_PREPROCESSOR_DEFINITIONS = (
					"$(inherited)",
					"DEBUG=1",
				);
				GCC_WARN_64_TO_32_BIT_CONVERSION = YES;
				GCC_WARN_ABOUT_RETURN_TYPE = YES_ERROR;
				GCC_WARN_UNDECLARED_SELECTOR = YES;
				GCC_WARN_UNINITIALIZED_AUTOS = YES_AGGRESSIVE;
				GCC_WARN_UNUSED_FUNCTION = YES;
				GCC_WARN_UNUSED_VARIABLE = YES;
				GENERATE_INFOPLIST_FILE = YES;
				IPHONEOS_DEPLOYMENT_TARGET = 17.0;
				MACOSX_DEPLOYMENT_TARGET = 14.0;
				MARKETING_VERSION = 0.1.0;
				MTL_ENABLE_DEBUG_INFO = INCLUDE_SOURCE;
				MTL_FAST_MATH = YES;
				ONLY_ACTIVE_ARCH = YES;
				PRODUCT_NAME = "$(TARGET_NAME)";
				SKIP_INSTALL = YES;
				SWIFT_ACTIVE_COMPILATION_CONDITIONS = DEBUG;
				SWIFT_OPTIMIZATION_LEVEL = "-Onone";
				SWIFT_VERSION = 5.10;
				TVOS_DEPLOYMENT_TARGET = 17.0;
				WATCHOS_DEPLOYMENT_TARGET = 10.0;
				XROS_DEPLOYMENT_TARGET = 1.0;
			};
			name = Debug;
		};
		330B5E150DE074B91B90AE03 /* Release */ = {
			isa = XCBuildConfiguration;
			buildSettings = {
				BUNDLE_LOADER = "$(TEST_HOST)";
				COMBINE_HIDPI_IMAGES = YES;
				GENERATE_INFOPLIST_FILE = YES;
				LD_RUNPATH_SEARCH_PATHS = (
					"$(inherited)",
					"@executable_path/../Frameworks",
					"@loader_path/../Frameworks",
				);
				PRODUCT_BUNDLE_IDENTIFIER = com.mikefullerton.PersonaToolkit.tests.macos;
				SDKROOT = macosx;
			};
			name = Release;
		};
		332DADCD721A84D95CA8B8F9 /* Release */ = {
			isa = XCBuildConfiguration;
			buildSettings = {
				CODE_SIGN_IDENTITY = "";
				CURRENT_PROJECT_VERSION = 1;
				DEFINES_MODULE = YES;
				DYLIB_COMPATIBILITY_VERSION = 1;
				DYLIB_CURRENT_VERSION = 1;
				DYLIB_INSTALL_NAME_BASE = "@rpath";
				INSTALL_PATH = "$(LOCAL_LIBRARY_DIR)/Frameworks";
				LD_RUNPATH_SEARCH_PATHS = (
					"$(inherited)",
					"@executable_path/Frameworks",
				);
				PRODUCT_BUNDLE_IDENTIFIER = com.mikefullerton.PersonaToolkit.lib.tvos;
				PRODUCT_NAME = PersonaToolkit;
				SDKROOT = appletvos;
				SKIP_INSTALL = YES;
				TARGETED_DEVICE_FAMILY = 3;
				VERSIONING_SYSTEM = "apple-generic";
			};
			name = Release;
		};
		3E81ECA9E8101D9167BD05D4 /* Debug */ = {
			isa = XCBuildConfiguration;
			buildSettings = {
				CODE_SIGN_IDENTITY = "";
				CURRENT_PROJECT_VERSION = 1;
				DEFINES_MODULE = YES;
				DYLIB_COMPATIBILITY_VERSION = 1;
				DYLIB_CURRENT_VERSION = 1;
				DYLIB_INSTALL_NAME_BASE = "@rpath";
				INSTALL_PATH = "$(LOCAL_LIBRARY_DIR)/Frameworks";
				LD_RUNPATH_SEARCH_PATHS = (
					"$(inherited)",
					"@executable_path/Frameworks",
				);
				PRODUCT_BUNDLE_IDENTIFIER = com.mikefullerton.PersonaToolkit.lib.ios;
				PRODUCT_NAME = PersonaToolkit;
				SDKROOT = iphoneos;
				SKIP_INSTALL = YES;
				TARGETED_DEVICE_FAMILY = "1,2";
				VERSIONING_SYSTEM = "apple-generic";
			};
			name = Debug;
		};
		451A4FDB0BB8706FDA873FA2 /* Debug */ = {
			isa = XCBuildConfiguration;
			buildSettings = {
				CODE_SIGN_IDENTITY = "";
				CURRENT_PROJECT_VERSION = 1;
				DEFINES_MODULE = YES;
				DYLIB_COMPATIBILITY_VERSION = 1;
				DYLIB_CURRENT_VERSION = 1;
				DYLIB_INSTALL_NAME_BASE = "@rpath";
				INSTALL_PATH = "$(LOCAL_LIBRARY_DIR)/Frameworks";
				PRODUCT_BUNDLE_IDENTIFIER = com.mikefullerton.PersonaToolkit.lib.watchos;
				PRODUCT_NAME = PersonaToolkit;
				SDKROOT = watchos;
				SKIP_INSTALL = YES;
				TARGETED_DEVICE_FAMILY = 4;
				VERSIONING_SYSTEM = "apple-generic";
			};
			name = Debug;
		};
		6760711EBCC7D72FF1845EF8 /* Debug */ = {
			isa = XCBuildConfiguration;
			buildSettings = {
				CODE_SIGN_IDENTITY = "";
				COMBINE_HIDPI_IMAGES = YES;
				CURRENT_PROJECT_VERSION = 1;
				DEFINES_MODULE = YES;
				DYLIB_COMPATIBILITY_VERSION = 1;
				DYLIB_CURRENT_VERSION = 1;
				DYLIB_INSTALL_NAME_BASE = "@rpath";
				INSTALL_PATH = "$(LOCAL_LIBRARY_DIR)/Frameworks";
				LD_RUNPATH_SEARCH_PATHS = (
					"$(inherited)",
					"@executable_path/../Frameworks",
				);
				PRODUCT_BUNDLE_IDENTIFIER = com.mikefullerton.PersonaToolkit.lib.macos;
				PRODUCT_NAME = PersonaToolkit;
				SDKROOT = macosx;
				SKIP_INSTALL = YES;
				VERSIONING_SYSTEM = "apple-generic";
			};
			name = Debug;
		};
		6A22BDE07942E16908B22DE8 /* Release */ = {
			isa = XCBuildConfiguration;
			buildSettings = {
				ALWAYS_SEARCH_USER_PATHS = NO;
				CLANG_ANALYZER_NONNULL = YES;
				CLANG_ANALYZER_NUMBER_OBJECT_CONVERSION = YES_AGGRESSIVE;
				CLANG_CXX_LANGUAGE_STANDARD = "gnu++14";
				CLANG_CXX_LIBRARY = "libc++";
				CLANG_ENABLE_MODULES = YES;
				CLANG_ENABLE_OBJC_ARC = YES;
				CLANG_ENABLE_OBJC_WEAK = YES;
				CLANG_WARN_BLOCK_CAPTURE_AUTORELEASING = YES;
				CLANG_WARN_BOOL_CONVERSION = YES;
				CLANG_WARN_COMMA = YES;
				CLANG_WARN_CONSTANT_CONVERSION = YES;
				CLANG_WARN_DEPRECATED_OBJC_IMPLEMENTATIONS = YES;
				CLANG_WARN_DIRECT_OBJC_ISA_USAGE = YES_ERROR;
				CLANG_WARN_DOCUMENTATION_COMMENTS = YES;
				CLANG_WARN_EMPTY_BODY = YES;
				CLANG_WARN_ENUM_CONVERSION = YES;
				CLANG_WARN_INFINITE_RECURSION = YES;
				CLANG_WARN_INT_CONVERSION = YES;
				CLANG_WARN_NON_LITERAL_NULL_CONVERSION = YES;
				CLANG_WARN_OBJC_IMPLICIT_RETAIN_SELF = YES;
				CLANG_WARN_OBJC_LITERAL_CONVERSION = YES;
				CLANG_WARN_OBJC_ROOT_CLASS = YES_ERROR;
				CLANG_WARN_QUOTED_INCLUDE_IN_FRAMEWORK_HEADER = YES;
				CLANG_WARN_RANGE_LOOP_ANALYSIS = YES;
				CLANG_WARN_STRICT_PROTOTYPES = YES;
				CLANG_WARN_SUSPICIOUS_MOVE = YES;
				CLANG_WARN_UNGUARDED_AVAILABILITY = YES_AGGRESSIVE;
				CLANG_WARN_UNREACHABLE_CODE = YES;
				CLANG_WARN__DUPLICATE_METHOD_MATCH = YES;
				COPY_PHASE_STRIP = NO;
				CURRENT_PROJECT_VERSION = 1;
				DEBUG_INFORMATION_FORMAT = "dwarf-with-dsym";
				DEFINES_MODULE = YES;
				ENABLE_NS_ASSERTIONS = NO;
				ENABLE_STRICT_OBJC_MSGSEND = YES;
				GCC_C_LANGUAGE_STANDARD = gnu11;
				GCC_NO_COMMON_BLOCKS = YES;
				GCC_WARN_64_TO_32_BIT_CONVERSION = YES;
				GCC_WARN_ABOUT_RETURN_TYPE = YES_ERROR;
				GCC_WARN_UNDECLARED_SELECTOR = YES;
				GCC_WARN_UNINITIALIZED_AUTOS = YES_AGGRESSIVE;
				GCC_WARN_UNUSED_FUNCTION = YES;
				GCC_WARN_UNUSED_VARIABLE = YES;
				GENERATE_INFOPLIST_FILE = YES;
				IPHONEOS_DEPLOYMENT_TARGET = 17.0;
				MACOSX_DEPLOYMENT_TARGET = 14.0;
				MARKETING_VERSION = 0.1.0;
				MTL_ENABLE_DEBUG_INFO = NO;
				MTL_FAST_MATH = YES;
				PRODUCT_NAME = "$(TARGET_NAME)";
				SKIP_INSTALL = YES;
				SWIFT_COMPILATION_MODE = wholemodule;
				SWIFT_OPTIMIZATION_LEVEL = "-O";
				SWIFT_VERSION = 5.10;
				TVOS_DEPLOYMENT_TARGET = 17.0;
				WATCHOS_DEPLOYMENT_TARGET = 10.0;
				XROS_DEPLOYMENT_TARGET = 1.0;
			};
			name = Release;
		};
		721D45A8E668E438BF686361 /* Release */ = {
			isa = XCBuildConfiguration;
			buildSettings = {
				CODE_SIGN_IDENTITY = "";
				CURRENT_PROJECT_VERSION = 1;
				DEFINES_MODULE = YES;
				DYLIB_COMPATIBILITY_VERSION = 1;
				DYLIB_CURRENT_VERSION = 1;
				DYLIB_INSTALL_NAME_BASE = "@rpath";
				INSTALL_PATH = "$(LOCAL_LIBRARY_DIR)/Frameworks";
				LD_RUNPATH_SEARCH_PATHS = (
					"$(inherited)",
					"@executable_path/Frameworks",
				);
				PRODUCT_BUNDLE_IDENTIFIER = com.mikefullerton.PersonaToolkit.lib.visionos;
				PRODUCT_NAME = PersonaToolkit;
				SDKROOT = xros;
				SKIP_INSTALL = YES;
				TARGETED_DEVICE_FAMILY = 7;
				VERSIONING_SYSTEM = "apple-generic";
			};
			name = Release;
		};
		A67FB1F5C5C29066F968C061 /* Release */ = {
			isa = XCBuildConfiguration;
			buildSettings = {
				CODE_SIGN_IDENTITY = "";
				CURRENT_PROJECT_VERSION = 1;
				DEFINES_MODULE = YES;
				DYLIB_COMPATIBILITY_VERSION = 1;
				DYLIB_CURRENT_VERSION = 1;
				DYLIB_INSTALL_NAME_BASE = "@rpath";
				INSTALL_PATH = "$(LOCAL_LIBRARY_DIR)/Frameworks";
				PRODUCT_BUNDLE_IDENTIFIER = com.mikefullerton.PersonaToolkit.lib.watchos;
				PRODUCT_NAME = PersonaToolkit;
				SDKROOT = watchos;
				SKIP_INSTALL = YES;
				TARGETED_DEVICE_FAMILY = 4;
				VERSIONING_SYSTEM = "apple-generic";
			};
			name = Release;
		};
		C3CD19B4326729030CECA722 /* Debug */ = {
			isa = XCBuildConfiguration;
			buildSettings = {
				CODE_SIGN_IDENTITY = "";
				CURRENT_PROJECT_VERSION = 1;
				DEFINES_MODULE = YES;
				DYLIB_COMPATIBILITY_VERSION = 1;
				DYLIB_CURRENT_VERSION = 1;
				DYLIB_INSTALL_NAME_BASE = "@rpath";
				INSTALL_PATH = "$(LOCAL_LIBRARY_DIR)/Frameworks";
				LD_RUNPATH_SEARCH_PATHS = (
					"$(inherited)",
					"@executable_path/Frameworks",
				);
				PRODUCT_BUNDLE_IDENTIFIER = com.mikefullerton.PersonaToolkit.lib.visionos;
				PRODUCT_NAME = PersonaToolkit;
				SDKROOT = xros;
				SKIP_INSTALL = YES;
				TARGETED_DEVICE_FAMILY = 7;
				VERSIONING_SYSTEM = "apple-generic";
			};
			name = Debug;
		};
		D34415591990DF82797CF94B /* Release */ = {
			isa = XCBuildConfiguration;
			buildSettings = {
				CODE_SIGN_IDENTITY = "";
				COMBINE_HIDPI_IMAGES = YES;
				CURRENT_PROJECT_VERSION = 1;
				DEFINES_MODULE = YES;
				DYLIB_COMPATIBILITY_VERSION = 1;
				DYLIB_CURRENT_VERSION = 1;
				DYLIB_INSTALL_NAME_BASE = "@rpath";
				INSTALL_PATH = "$(LOCAL_LIBRARY_DIR)/Frameworks";
				LD_RUNPATH_SEARCH_PATHS = (
					"$(inherited)",
					"@executable_path/../Frameworks",
				);
				PRODUCT_BUNDLE_IDENTIFIER = com.mikefullerton.PersonaToolkit.lib.macos;
				PRODUCT_NAME = PersonaToolkit;
				SDKROOT = macosx;
				SKIP_INSTALL = YES;
				VERSIONING_SYSTEM = "apple-generic";
			};
			name = Release;
		};
		EAEB770C1CEDF83A95E93308 /* Debug */ = {
			isa = XCBuildConfiguration;
			buildSettings = {
				CODE_SIGN_IDENTITY = "";
				CURRENT_PROJECT_VERSION = 1;
				DEFINES_MODULE = YES;
				DYLIB_COMPATIBILITY_VERSION = 1;
				DYLIB_CURRENT_VERSION = 1;
				DYLIB_INSTALL_NAME_BASE = "@rpath";
				INSTALL_PATH = "$(LOCAL_LIBRARY_DIR)/Frameworks";
				LD_RUNPATH_SEARCH_PATHS = (
					"$(inherited)",
					"@executable_path/Frameworks",
				);
				PRODUCT_BUNDLE_IDENTIFIER = com.mikefullerton.PersonaToolkit.lib.tvos;
				PRODUCT_NAME = PersonaToolkit;
				SDKROOT = appletvos;
				SKIP_INSTALL = YES;
				TARGETED_DEVICE_FAMILY = 3;
				VERSIONING_SYSTEM = "apple-generic";
			};
			name = Debug;
		};
		FE55CEE09325107318DFCF4F /* Debug */ = {
			isa = XCBuildConfiguration;
			buildSettings = {
				BUNDLE_LOADER = "$(TEST_HOST)";
				COMBINE_HIDPI_IMAGES = YES;
				GENERATE_INFOPLIST_FILE = YES;
				LD_RUNPATH_SEARCH_PATHS = (
					"$(inherited)",
					"@executable_path/../Frameworks",
					"@loader_path/../Frameworks",
				);
				PRODUCT_BUNDLE_IDENTIFIER = com.mikefullerton.PersonaToolkit.tests.macos;
				SDKROOT = macosx;
			};
			name = Debug;
		};
/* End XCBuildConfiguration section */

/* Begin XCConfigurationList section */
		0F9E38C38AAD18183EBDFA12 /* Build configuration list for PBXNativeTarget "PersonaToolkit-watchOS" */ = {
			isa = XCConfigurationList;
			buildConfigurations = (
				451A4FDB0BB8706FDA873FA2 /* Debug */,
				A67FB1F5C5C29066F968C061 /* Release */,
			);
			defaultConfigurationIsVisible = 0;
			defaultConfigurationName = Debug;
		};
		2A87DFB3F73448C8C17F087E /* Build configuration list for PBXNativeTarget "PersonaToolkit-iOS" */ = {
			isa = XCConfigurationList;
			buildConfigurations = (
				3E81ECA9E8101D9167BD05D4 /* Debug */,
				02F1A74C73992A7E8629A579 /* Release */,
			);
			defaultConfigurationIsVisible = 0;
			defaultConfigurationName = Debug;
		};
		7EE63FA247FA3F13B9E7294E /* Build configuration list for PBXNativeTarget "PersonaToolkit-tvOS" */ = {
			isa = XCConfigurationList;
			buildConfigurations = (
				EAEB770C1CEDF83A95E93308 /* Debug */,
				332DADCD721A84D95CA8B8F9 /* Release */,
			);
			defaultConfigurationIsVisible = 0;
			defaultConfigurationName = Debug;
		};
		A71D8DC89FDAB034E303F316 /* Build configuration list for PBXProject "PersonaToolkit" */ = {
			isa = XCConfigurationList;
			buildConfigurations = (
				13086031782A821EAD6A5439 /* Debug */,
				6A22BDE07942E16908B22DE8 /* Release */,
			);
			defaultConfigurationIsVisible = 0;
			defaultConfigurationName = Debug;
		};
		AFFA79CE0365790AF1A892DB /* Build configuration list for PBXNativeTarget "PersonaToolkit-macOS" */ = {
			isa = XCConfigurationList;
			buildConfigurations = (
				6760711EBCC7D72FF1845EF8 /* Debug */,
				D34415591990DF82797CF94B /* Release */,
			);
			defaultConfigurationIsVisible = 0;
			defaultConfigurationName = Debug;
		};
		B6664E3EFF4B201B97A632FA /* Build configuration list for PBXNativeTarget "PersonaToolkitTests-macOS" */ = {
			isa = XCConfigurationList;
			buildConfigurations = (
				FE55CEE09325107318DFCF4F /* Debug */,
				330B5E150DE074B91B90AE03 /* Release */,
			);
			defaultConfigurationIsVisible = 0;
			defaultConfigurationName = Debug;
		};
		D4C7E3C6E93987693115D489 /* Build configuration list for PBXNativeTarget "PersonaToolkit-visionOS" */ = {
			isa = XCConfigurationList;
			buildConfigurations = (
				C3CD19B4326729030CECA722 /* Debug */,
				721D45A8E668E438BF686361 /* Release */,
			);
			defaultConfigurationIsVisible = 0;
			defaultConfigurationName = Debug;
		};
/* End XCConfigurationList section */
	};
	rootObject = 603BECE51C44C5726A39CC88 /* Project object */;
}
